<?xml version="1.0" encoding="utf-8"?>
<Project ToolsVersion="4.0" xmlns="http://schemas.microsoft.com/developer/msbuild/2003">
  <ItemGroup>
    <Filter Include="Filer">
      <UniqueIdentifier>{684dd69d-67eb-4587-8d2b-35b9e0355130}</UniqueIdentifier>
    </Filter>
    <Filter Include="HiLib">
      <UniqueIdentifier>{577289ae-3d99-4341-8fc0-d6c3ae4f24ae}</UniqueIdentifier>
    </Filter>
    <Filter Include="Resource">
      <UniqueIdentifier>{67DA6AB6-F800-4c08-8B7A-83BB121AAD01}</UniqueIdentifier>
      <Extensions>rc;ico;cur;bmp;dlg;rc2;rct;bin;rgs;gif;jpg;jpeg;jpe;resx;tiff;tif;png;wav;mfcribbon-ms</Extensions>
    </Filter>
    <Filter Include="Release">
      <UniqueIdentifier>{23fdc6c8-000e-44b9-9991-497e66d8619d}</UniqueIdentifier>
    </Filter>
    <Filter Include="D2DTextBox">
      <UniqueIdentifier>{cce17a06-89bc-4334-81bb-ab715ac5fcf1}</UniqueIdentifier>
    </Filter>
    <Filter Include="HiLib\PDF">
      <UniqueIdentifier>{a55461a7-fe93-45fe-8004-30f0719d1ac5}</UniqueIdentifier>
    </Filter>
    <Filter Include="HiLib\Image">
      <UniqueIdentifier>{f89607a2-8976-403d-89d2-7785addea202}</UniqueIdentifier>
    </Filter>
    <Filter Include="HiLib\TabControl">
      <UniqueIdentifier>{238b0388-7cd6-40b4-beea-0b01ec12e4b6}</UniqueIdentifier>
    </Filter>
    <Filter Include="HiLib\Button">
      <UniqueIdentifier>{b6c818b5-1ef3-445b-bd1c-0fb36bcf93b1}</UniqueIdentifier>
    </Filter>
    <Filter Include="HiLib\TextBox">
      <UniqueIdentifier>{13d7a7ba-943a-4588-a2e1-52b7868a5380}</UniqueIdentifier>
    </Filter>
    <Filter Include="HiLib\PreviewControl">
      <UniqueIdentifier>{7c606cf2-95dc-4d27-be6a-6ee80ae2abc7}</UniqueIdentifier>
    </Filter>
    <Filter Include="FilerHook">
      <UniqueIdentifier>{9adffe30-c1da-4878-95ec-c519c7260145}</UniqueIdentifier>
    </Filter>
    <Filter Include="HiLib\PDF\FPDF">
      <UniqueIdentifier>{1189bf54-6dc5-4168-85d5-9bfab9376580}</UniqueIdentifier>
    </Filter>
    <Filter Include="HiLib\PDF\PDFModel">
      <UniqueIdentifier>{78282c7f-270a-4754-8e90-195202d7574f}</UniqueIdentifier>
    </Filter>
    <Filter Include="HiLib\PDF\PDFView">
      <UniqueIdentifier>{e6e8ac42-f7a0-4390-9786-b8ccecd89c63}</UniqueIdentifier>
    </Filter>
    <Filter Include="Filer\ToDo">
      <UniqueIdentifier>{dd245e45-391e-448c-999d-634364d7af2f}</UniqueIdentifier>
    </Filter>
    <Filter Include="HiLib\Reactive">
      <UniqueIdentifier>{bd8d67e4-d175-4522-a35a-4602cdcdf73c}</UniqueIdentifier>
    </Filter>
    <Filter Include="Filer\FilerTab">
      <UniqueIdentifier>{ce828361-085d-40fb-a5d6-8285e88b8eb0}</UniqueIdentifier>
    </Filter>
  </ItemGroup>
  <ItemGroup>
    <Text Include="ReadMe.txt" />
  </ItemGroup>
  <ItemGroup>
    <ResourceCompile Include="Filer.rc">
      <Filter>Resource</Filter>
    </ResourceCompile>
    <ResourceCompile Include="..\HiLib\FindDlg.rc">
      <Filter>HiLib</Filter>
    </ResourceCompile>
    <ResourceCompile Include="..\HiLib\Konami.rc">
      <Filter>HiLib</Filter>
    </ResourceCompile>
    <ResourceCompile Include="..\HiLib\SheetCell.rc">
      <Filter>HiLib</Filter>
    </ResourceCompile>
    <ResourceCompile Include="..\HiLib\Update.rc">
      <Filter>HiLib</Filter>
    </ResourceCompile>
  </ItemGroup>
  <ItemGroup>
    <Image Include="Filer.ico">
      <Filter>Resource</Filter>
    </Image>
  </ItemGroup>
  <ItemGroup>
    <ClInclude Include="DirectoryWatcher.h">
      <Filter>Filer</Filter>
    </ClInclude>
    <ClInclude Include="DropSource.h">
      <Filter>Filer</Filter>
    </ClInclude>
    <ClInclude Include="Favorite.h">
      <Filter>Filer</Filter>
    </ClInclude>
    <ClInclude Include="FavoritesColumn.h">
      <Filter>Filer</Filter>
    </ClInclude>
    <ClInclude Include="FavoritesGridView.h">
      <Filter>Filer</Filter>
    </ClInclude>
    <ClInclude Include="FavoritesProperty.h">
      <Filter>Filer</Filter>
    </ClInclude>
    <ClInclude Include="FileDragger.h">
      <Filter>Filer</Filter>
    </ClInclude>
    <ClInclude Include="FileExtCell.h">
      <Filter>Filer</Filter>
    </ClInclude>
    <ClInclude Include="FileIconCell.h">
      <Filter>Filer</Filter>
    </ClInclude>
    <ClInclude Include="FileLastWriteCell.h">
      <Filter>Filer</Filter>
    </ClInclude>
    <ClInclude Include="FileLastWriteColumn.h">
      <Filter>Filer</Filter>
    </ClInclude>
    <ClInclude Include="FilerGridView.h">
      <Filter>Filer</Filter>
    </ClInclude>
    <ClInclude Include="FilerProperty.h">
      <Filter>Filer</Filter>
    </ClInclude>
    <ClInclude Include="FilerWnd.h">
      <Filter>Filer</Filter>
    </ClInclude>
    <ClInclude Include="FileSizeCell.h">
      <Filter>Filer</Filter>
    </ClInclude>
    <ClInclude Include="FileSizeColumn.h">
      <Filter>Filer</Filter>
    </ClInclude>
    <ClInclude Include="PathCell.h">
      <Filter>Filer</Filter>
    </ClInclude>
    <ClInclude Include="resource.h">
      <Filter>Filer</Filter>
    </ClInclude>
    <ClInclude Include="ShellContextMenu.h">
      <Filter>Filer</Filter>
    </ClInclude>
    <ClInclude Include="ShellFile.h">
      <Filter>Filer</Filter>
    </ClInclude>
    <ClInclude Include="stdafx.h">
      <Filter>Filer</Filter>
    </ClInclude>
    <ClInclude Include="targetver.h">
      <Filter>Filer</Filter>
    </ClInclude>
    <ClInclude Include="..\HiLib\ApplicationProperty.h">
      <Filter>HiLib</Filter>
    </ClInclude>
    <ClInclude Include="..\HiLib\Band.h">
      <Filter>HiLib</Filter>
    </ClInclude>
    <ClInclude Include="..\HiLib\BindColumn.h">
      <Filter>HiLib</Filter>
    </ClInclude>
    <ClInclude Include="..\HiLib\BindRow.h">
      <Filter>HiLib</Filter>
    </ClInclude>
    <ClInclude Include="..\HiLib\BoolCell.h">
      <Filter>HiLib</Filter>
    </ClInclude>
    <ClInclude Include="..\HiLib\CDataString.h">
      <Filter>HiLib</Filter>
    </ClInclude>
    <ClInclude Include="..\HiLib\Cell.h">
      <Filter>HiLib</Filter>
    </ClInclude>
    <ClInclude Include="..\HiLib\CellProperty.h">
      <Filter>HiLib</Filter>
    </ClInclude>
    <ClInclude Include="..\HiLib\CellState.h">
      <Filter>HiLib</Filter>
    </ClInclude>
    <ClInclude Include="..\HiLib\CellStringCommand.h">
      <Filter>HiLib</Filter>
    </ClInclude>
    <ClInclude Include="..\HiLib\CExpandCollapseCell.h">
      <Filter>HiLib</Filter>
    </ClInclude>
    <ClInclude Include="..\HiLib\ColorCell.h">
      <Filter>HiLib</Filter>
    </ClInclude>
    <ClInclude Include="..\HiLib\Column.h">
      <Filter>HiLib</Filter>
    </ClInclude>
    <ClInclude Include="..\HiLib\CShellExtension.h">
      <Filter>HiLib</Filter>
    </ClInclude>
    <ClInclude Include="..\HiLib\Cursorer.h">
      <Filter>HiLib</Filter>
    </ClInclude>
    <ClInclude Include="..\HiLib\Dragger.h">
      <Filter>HiLib</Filter>
    </ClInclude>
    <ClInclude Include="..\HiLib\EmptyCell.h">
      <Filter>HiLib</Filter>
    </ClInclude>
    <ClInclude Include="..\HiLib\EventArgs.h">
      <Filter>HiLib</Filter>
    </ClInclude>
    <ClInclude Include="..\HiLib\FileDragger.h">
      <Filter>HiLib</Filter>
    </ClInclude>
    <ClInclude Include="..\HiLib\FilterCell.h">
      <Filter>HiLib</Filter>
    </ClInclude>
    <ClInclude Include="..\HiLib\FindDlg.h">
      <Filter>HiLib</Filter>
    </ClInclude>
    <ClInclude Include="..\HiLib\FindDlgResource.h">
      <Filter>HiLib</Filter>
    </ClInclude>
    <ClInclude Include="..\HiLib\FontCell.h">
      <Filter>HiLib</Filter>
    </ClInclude>
    <ClInclude Include="..\HiLib\FunctionMenuItem.h">
      <Filter>HiLib</Filter>
    </ClInclude>
    <ClInclude Include="..\HiLib\GridView.h">
      <Filter>HiLib</Filter>
    </ClInclude>
    <ClInclude Include="..\HiLib\GridViewProperty.h">
      <Filter>HiLib</Filter>
    </ClInclude>
    <ClInclude Include="..\HiLib\GridViewResource.h">
      <Filter>HiLib</Filter>
    </ClInclude>
    <ClInclude Include="..\HiLib\IKeyObserver.h">
      <Filter>HiLib</Filter>
    </ClInclude>
    <ClInclude Include="..\HiLib\IMouseObserver.h">
      <Filter>HiLib</Filter>
    </ClInclude>
    <ClInclude Include="..\HiLib\KonamiCommander.h">
      <Filter>HiLib</Filter>
    </ClInclude>
    <ClInclude Include="..\HiLib\KonamiResource.h">
      <Filter>HiLib</Filter>
    </ClInclude>
    <ClInclude Include="..\HiLib\MenuItem.h">
      <Filter>HiLib</Filter>
    </ClInclude>
    <ClInclude Include="..\HiLib\MessageTimer.h">
      <Filter>HiLib</Filter>
    </ClInclude>
    <ClInclude Include="..\HiLib\MyAutoUpdater.h">
      <Filter>HiLib</Filter>
    </ClInclude>
    <ClInclude Include="..\HiLib\MyBrush.h">
      <Filter>HiLib</Filter>
    </ClInclude>
    <ClInclude Include="..\HiLib\MyClipboard.h">
      <Filter>HiLib</Filter>
    </ClInclude>
    <ClInclude Include="..\HiLib\MyColor.h">
      <Filter>HiLib</Filter>
    </ClInclude>
    <ClInclude Include="..\HiLib\MyCom.h">
      <Filter>HiLib</Filter>
    </ClInclude>
    <ClInclude Include="..\HiLib\MyDC.h">
      <Filter>HiLib</Filter>
    </ClInclude>
    <ClInclude Include="..\HiLib\MyDlg.h">
      <Filter>HiLib</Filter>
    </ClInclude>
    <ClInclude Include="..\HiLib\MyFile.h">
      <Filter>HiLib</Filter>
    </ClInclude>
    <ClInclude Include="..\HiLib\MyFont.h">
      <Filter>HiLib</Filter>
    </ClInclude>
    <ClInclude Include="..\HiLib\MyFriendSerializer.h">
      <Filter>HiLib</Filter>
    </ClInclude>
    <ClInclude Include="..\HiLib\MyGdiObj.h">
      <Filter>HiLib</Filter>
    </ClInclude>
    <ClInclude Include="..\HiLib\MyInternet.h">
      <Filter>HiLib</Filter>
    </ClInclude>
    <ClInclude Include="..\HiLib\MyMenu.h">
      <Filter>HiLib</Filter>
    </ClInclude>
    <ClInclude Include="..\HiLib\MyMPL.h">
      <Filter>HiLib</Filter>
    </ClInclude>
    <ClInclude Include="..\HiLib\MyPen.h">
      <Filter>HiLib</Filter>
    </ClInclude>
    <ClInclude Include="..\HiLib\MyPoint.h">
      <Filter>HiLib</Filter>
    </ClInclude>
    <ClInclude Include="..\HiLib\MyPrerocessor.h">
      <Filter>HiLib</Filter>
    </ClInclude>
    <ClInclude Include="..\HiLib\MyRect.h">
      <Filter>HiLib</Filter>
    </ClInclude>
    <ClInclude Include="..\HiLib\MyRgn.h">
      <Filter>HiLib</Filter>
    </ClInclude>
    <ClInclude Include="..\HiLib\MySerializer.h">
      <Filter>HiLib</Filter>
    </ClInclude>
    <ClInclude Include="..\HiLib\MySize.h">
      <Filter>HiLib</Filter>
    </ClInclude>
    <ClInclude Include="..\HiLib\MyStopwatch.h">
      <Filter>HiLib</Filter>
    </ClInclude>
    <ClInclude Include="..\HiLib\MyString.h">
      <Filter>HiLib</Filter>
    </ClInclude>
    <ClInclude Include="..\HiLib\MyUniqueHandle.h">
      <Filter>HiLib</Filter>
    </ClInclude>
    <ClInclude Include="..\HiLib\MyWin32.h">
      <Filter>HiLib</Filter>
    </ClInclude>
    <ClInclude Include="..\HiLib\MyWnd.h">
      <Filter>HiLib</Filter>
    </ClInclude>
    <ClInclude Include="..\HiLib\MyXMLSerializer.h">
      <Filter>HiLib</Filter>
    </ClInclude>
    <ClInclude Include="..\HiLib\ResizeDlg.h">
      <Filter>HiLib</Filter>
    </ClInclude>
    <ClInclude Include="..\HiLib\Row.h">
      <Filter>HiLib</Filter>
    </ClInclude>
    <ClInclude Include="..\HiLib\RowColumn.h">
      <Filter>HiLib</Filter>
    </ClInclude>
    <ClInclude Include="..\HiLib\se_exception.h">
      <Filter>HiLib</Filter>
    </ClInclude>
    <ClInclude Include="..\HiLib\Sheet.h">
      <Filter>HiLib</Filter>
    </ClInclude>
    <ClInclude Include="..\HiLib\SheetCell.h">
      <Filter>HiLib</Filter>
    </ClInclude>
    <ClInclude Include="..\HiLib\SheetCellResource.h">
      <Filter>HiLib</Filter>
    </ClInclude>
    <ClInclude Include="..\HiLib\SheetEnums.h">
      <Filter>HiLib</Filter>
    </ClInclude>
    <ClInclude Include="..\HiLib\SheetEventArgs.h">
      <Filter>HiLib</Filter>
    </ClInclude>
    <ClInclude Include="..\HiLib\TextCell.h">
      <Filter>HiLib</Filter>
    </ClInclude>
    <ClInclude Include="..\HiLib\Tracker.h">
      <Filter>HiLib</Filter>
    </ClInclude>
    <ClInclude Include="..\HiLib\UIElement.h">
      <Filter>HiLib</Filter>
    </ClInclude>
    <ClInclude Include="..\HiLib\UpdateDialog.h">
      <Filter>HiLib</Filter>
    </ClInclude>
    <ClInclude Include="..\HiLib\UpdateResource.h">
      <Filter>HiLib</Filter>
    </ClInclude>
    <ClInclude Include="..\HiLib\SingletonMalloc.h">
      <Filter>HiLib</Filter>
    </ClInclude>
    <ClInclude Include="ShellFolder.h">
      <Filter>Filer</Filter>
    </ClInclude>
    <ClInclude Include="..\HiLib\SheetStateMachine.h">
      <Filter>HiLib</Filter>
    </ClInclude>
    <ClInclude Include="..\HiLib\IDragger.h">
      <Filter>HiLib</Filter>
    </ClInclude>
    <ClInclude Include="..\HiLib\Celler.h">
      <Filter>HiLib</Filter>
    </ClInclude>
    <ClInclude Include="..\HiLib\MouseStateMachine.h">
      <Filter>HiLib</Filter>
    </ClInclude>
    <ClInclude Include="FavoritesItemDragger.h">
      <Filter>Filer</Filter>
    </ClInclude>
    <ClInclude Include="FavoriteCell.h">
      <Filter>Filer</Filter>
    </ClInclude>
    <ClInclude Include="..\HiLib\Debug.h">
      <Filter>HiLib</Filter>
    </ClInclude>
    <ClInclude Include="FilerTabGridView.h">
      <Filter>Filer</Filter>
    </ClInclude>
    <ClInclude Include="..\HiLib\ShowHideMenuItem.h">
      <Filter>Filer</Filter>
    </ClInclude>
    <ClInclude Include="..\HiLib\SerializerEnableIf.h">
      <Filter>HiLib</Filter>
    </ClInclude>
    <ClInclude Include="..\HiLib\ThreadHelper.h">
      <Filter>HiLib</Filter>
    </ClInclude>
    <ClInclude Include="KnownFolder.h">
      <Filter>Filer</Filter>
    </ClInclude>
    <ClInclude Include="DriveFolder.h">
      <Filter>Filer</Filter>
    </ClInclude>
    <ClInclude Include="ShellZipFolder.h">
      <Filter>Filer</Filter>
    </ClInclude>
    <ClInclude Include="..\HiLib\BoostPythonHelper.h">
      <Filter>HiLib</Filter>
    </ClInclude>
    <ClInclude Include="PathRow.h">
      <Filter>Filer</Filter>
    </ClInclude>
    <ClInclude Include="ViewProperty.h">
      <Filter>Filer</Filter>
    </ClInclude>
    <ClInclude Include="FileSizeArgs.h">
      <Filter>Filer</Filter>
    </ClInclude>
    <ClInclude Include="FilerGridViewProperty.h">
      <Filter>Filer</Filter>
    </ClInclude>
    <ClInclude Include="..\HiLib\ResourceIDFactory.h">
      <Filter>HiLib</Filter>
    </ClInclude>
    <ClInclude Include="..\HiLib\Direct2DWrite.h">
      <Filter>HiLib</Filter>
    </ClInclude>
    <ClInclude Include="..\HiLib\Scroll.h">
      <Filter>HiLib</Filter>
    </ClInclude>
    <ClInclude Include="FileTimeArgs.h">
      <Filter>Filer</Filter>
    </ClInclude>
    <ClInclude Include="FileIconNameCell.h">
      <Filter>Filer</Filter>
    </ClInclude>
    <ClInclude Include="..\HiLib\Console.h">
      <Filter>HiLib</Filter>
    </ClInclude>
    <ClInclude Include="..\HiLib\DeadlineTimer.h">
      <Filter>HiLib</Filter>
    </ClInclude>
    <ClInclude Include="..\HiLib\D2DAtlasBitmap.h">
      <Filter>HiLib</Filter>
    </ClInclude>
    <ClInclude Include="..\HiLib\IDL.h">
      <Filter>HiLib</Filter>
    </ClInclude>
    <ClInclude Include="..\HiLib\MyIcon.h">
      <Filter>HiLib</Filter>
    </ClInclude>
    <ClInclude Include="ShellFileFactory.h">
      <Filter>Filer</Filter>
    </ClInclude>
    <ClInclude Include="..\HiLib\ProgressBar.h">
      <Filter>HiLib</Filter>
    </ClInclude>
    <ClInclude Include="CheckableFileGrid.h">
      <Filter>Filer</Filter>
    </ClInclude>
    <ClInclude Include="IncrementalCopyDlg.h">
      <Filter>Filer</Filter>
    </ClInclude>
    <ClInclude Include="FilerGridViewWnd.h">
      <Filter>Filer</Filter>
    </ClInclude>
    <ClInclude Include="SearchWnd.h">
      <Filter>Filer</Filter>
    </ClInclude>
    <ClInclude Include="KnownFolderManager.h">
      <Filter>HiLib</Filter>
    </ClInclude>
    <ClInclude Include="..\HiLib\ShellFunction.h">
      <Filter>HiLib</Filter>
    </ClInclude>
    <ClInclude Include="..\HiLib\ThreadSafeDriveFolderManager.h">
      <Filter>HiLib</Filter>
    </ClInclude>
    <ClInclude Include="..\HiLib\ThreadSafeKnownFolderManager.h">
      <Filter>HiLib</Filter>
    </ClInclude>
    <ClInclude Include="..\HiLib\GridViewStateMachine.h">
      <Filter>HiLib</Filter>
    </ClInclude>
    <ClInclude Include="..\HiLib\index_vector.h">
      <Filter>HiLib</Filter>
    </ClInclude>
    <ClInclude Include="..\HiLib\BindGridView.h">
      <Filter>HiLib</Filter>
    </ClInclude>
    <ClInclude Include="..\HiLib\BindTextColumn.h">
      <Filter>HiLib</Filter>
    </ClInclude>
    <ClInclude Include="..\HiLib\BindTextCell.h">
      <Filter>HiLib</Filter>
    </ClInclude>
    <ClInclude Include="..\HiLib\named_arguments.h">
      <Filter>HiLib</Filter>
    </ClInclude>
    <ClInclude Include="..\HiLib\BindCheckBoxCell.h">
      <Filter>HiLib</Filter>
    </ClInclude>
    <ClInclude Include="..\HiLib\CheckBoxFilterCell.h">
      <Filter>HiLib</Filter>
    </ClInclude>
    <ClInclude Include="..\HiLib\CheckBoxCell.h">
      <Filter>HiLib</Filter>
    </ClInclude>
    <ClInclude Include="..\HiLib\BindCheckBoxColumn.h">
      <Filter>HiLib</Filter>
    </ClInclude>
    <ClInclude Include="..\HiLib\BindSheetCellColumn.h">
      <Filter>HiLib</Filter>
    </ClInclude>
    <ClInclude Include="..\HiLib\Timer.h">
      <Filter>HiLib</Filter>
    </ClInclude>
    <ClInclude Include="..\HiLib\MapColumn.h">
      <Filter>HiLib</Filter>
    </ClInclude>
    <ClInclude Include="..\HiLib\IBindSheet.h">
      <Filter>HiLib</Filter>
    </ClInclude>
    <ClInclude Include="..\HiLib\SheetProperty.h">
      <Filter>HiLib</Filter>
    </ClInclude>
    <ClInclude Include="..\HiLib\SortCell.h">
      <Filter>HiLib</Filter>
    </ClInclude>
    <ClInclude Include="..\HiLib\ColumnIndexCell.h">
      <Filter>HiLib</Filter>
    </ClInclude>
    <ClInclude Include="..\HiLib\RowIndexCell.h">
      <Filter>HiLib</Filter>
    </ClInclude>
    <ClInclude Include="..\HiLib\RowIndexColumn.h">
      <Filter>HiLib</Filter>
    </ClInclude>
    <ClInclude Include="FileOperationDlg.h">
      <Filter>Filer</Filter>
    </ClInclude>
    <ClInclude Include="FilerBindGridView.h">
      <Filter>Filer</Filter>
    </ClInclude>
    <ClInclude Include="RenameInfo.h">
      <Filter>Filer</Filter>
    </ClInclude>
    <ClInclude Include="FileColumn.h">
      <Filter>Filer</Filter>
    </ClInclude>
    <ClInclude Include="..\HiLib\StatusBar.h">
      <Filter>HiLib</Filter>
    </ClInclude>
    <ClInclude Include="..\HiLib\ScrollProperty.h">
      <Filter>HiLib</Filter>
    </ClInclude>
    <ClInclude Include="..\HiLib\D2DWControl.h">
      <Filter>HiLib</Filter>
    </ClInclude>
    <ClInclude Include="..\HiLib\D2DWWindow.h">
      <Filter>HiLib</Filter>
    </ClInclude>
    <ClInclude Include="..\HiLib\Dispatcher.h">
      <Filter>HiLib</Filter>
    </ClInclude>
    <ClInclude Include="..\HiLib\UniqueIDFactory.h">
      <Filter>HiLib</Filter>
    </ClInclude>
    <ClInclude Include="..\HiLib\DropTargetManager.h">
      <Filter>HiLib</Filter>
    </ClInclude>
    <ClInclude Include="DropTarget.h">
      <Filter>Filer</Filter>
    </ClInclude>
    <ClInclude Include="..\HiLib\Unknown.h">
      <Filter>HiLib</Filter>
    </ClInclude>
    <ClInclude Include="..\HiLIb\Splitter.h">
      <Filter>HiLib</Filter>
    </ClInclude>
    <ClInclude Include="..\HiLib\IStateMachine.h">
      <Filter>HiLib</Filter>
    </ClInclude>
    <ClInclude Include="..\HiLib\HiLibResource.h">
      <Filter>HiLib</Filter>
    </ClInclude>
    <ClInclude Include="LauncherCell.h">
      <Filter>Filer</Filter>
    </ClInclude>
    <ClInclude Include="LauncherRow.h">
      <Filter>Filer</Filter>
    </ClInclude>
    <ClInclude Include="LauncherGridView.h">
      <Filter>Filer</Filter>
    </ClInclude>
    <ClInclude Include="..\HiLIb\MapRow.h">
      <Filter>HiLib</Filter>
    </ClInclude>
    <ClInclude Include="LauncherProperty.h">
      <Filter>Filer</Filter>
    </ClInclude>
    <ClInclude Include="LauncherItemDragger.h">
      <Filter>Filer</Filter>
    </ClInclude>
    <ClInclude Include="..\HiLib\JsonSerializer.h">
      <Filter>HiLib</Filter>
    </ClInclude>
    <ClInclude Include="..\HiLib\TextFileDialog.h">
      <Filter>HiLib</Filter>
    </ClInclude>
    <ClInclude Include="..\HiLib\encoding_type.h">
      <Filter>HiLib</Filter>
    </ClInclude>
    <ClInclude Include="..\HiLib\property.h">
      <Filter>HiLib</Filter>
    </ClInclude>
    <ClInclude Include="..\HiLib\TextEnDecoder.h">
      <Filter>HiLib</Filter>
    </ClInclude>
    <ClInclude Include="FilerWndStatusBar.h">
      <Filter>Filer</Filter>
    </ClInclude>
    <ClInclude Include="ExeExtensionProperty.h">
      <Filter>Filer</Filter>
    </ClInclude>
    <ClInclude Include="..\HiLib\Application.h">
      <Filter>HiLib</Filter>
    </ClInclude>
    <ClInclude Include="FilerApplication.h">
      <Filter>Filer</Filter>
    </ClInclude>
    <ClInclude Include="DriveSizeCell.h">
      <Filter>Filer</Filter>
    </ClInclude>
    <ClInclude Include="..\HiLib\scope_exit.h">
      <Filter>HiLib</Filter>
    </ClInclude>
    <ClInclude Include="..\D2DTextBox\CellTextBox.h">
      <Filter>D2DTextBox</Filter>
    </ClInclude>
    <ClInclude Include="..\HiLib\TextBoxProperty.h">
      <Filter>HiLib</Filter>
    </ClInclude>
    <ClInclude Include="..\HiLib\EditorProperty.h">
      <Filter>D2DTextBox</Filter>
    </ClInclude>
    <ClInclude Include="..\HiLib\Editor.h">
      <Filter>D2DTextBox</Filter>
    </ClInclude>
    <ClInclude Include="..\HiLib\StatusBarProperty.h">
      <Filter>HiLib</Filter>
    </ClInclude>
    <ClInclude Include="..\HiLib\D2DWDialog.h">
      <Filter>HiLib</Filter>
    </ClInclude>
    <ClInclude Include="..\HiLib\DialogStateMachine.h">
      <Filter>HiLib</Filter>
    </ClInclude>
    <ClInclude Include="..\HiLib\DialogProperty.h">
      <Filter>HiLib</Filter>
    </ClInclude>
    <ClInclude Include="..\HiLib\future_then.h">
      <Filter>HiLib</Filter>
    </ClInclude>
    <ClInclude Include="..\HiLib\async_catch.h">
      <Filter>HiLib</Filter>
    </ClInclude>
    <ClInclude Include="..\HiLib\string_extension.h">
      <Filter>HiLib</Filter>
    </ClInclude>
    <ClInclude Include="..\D2DTextBox\EditorScroll.h">
      <Filter>D2DTextBox</Filter>
    </ClInclude>
    <ClInclude Include="..\HiLib\getter_macro.h">
      <Filter>HiLib</Filter>
    </ClInclude>
    <ClInclude Include="..\D2DTextBox\EditorTextBox.h">
      <Filter>D2DTextBox</Filter>
    </ClInclude>
    <ClInclude Include="..\HiLib\ThreadPool.h">
      <Filter>HiLib</Filter>
    </ClInclude>
    <ClInclude Include="Launcher.h">
      <Filter>Filer</Filter>
    </ClInclude>
    <ClInclude Include="..\HiLib\TextBoxDialog.h">
      <Filter>HiLib</Filter>
    </ClInclude>
    <ClInclude Include="..\HiLib\TextBlock.h">
      <Filter>HiLib</Filter>
    </ClInclude>
    <ClInclude Include="..\HiLib\D2DImage.h">
      <Filter>HiLib</Filter>
    </ClInclude>
    <ClInclude Include="..\HiLib\D2DWTypes.h">
      <Filter>HiLib</Filter>
    </ClInclude>
    <ClInclude Include="..\HiLib\D2DFileIconDrawer.h">
      <Filter>HiLib</Filter>
    </ClInclude>
    <ClInclude Include="..\HiLib\ImageEditorProperty.h">
      <Filter>HiLib\Image</Filter>
    </ClInclude>
    <ClInclude Include="..\HiLib\ImageEditor.h">
      <Filter>HiLib\Image</Filter>
    </ClInclude>
    <ClInclude Include="..\HiLib\ImageViewProperty.h">
      <Filter>HiLib\Image</Filter>
    </ClInclude>
    <ClInclude Include="..\HiLib\ImageView.h">
      <Filter>HiLib\Image</Filter>
    </ClInclude>
    <ClInclude Include="..\HiLib\ImageViewStateMachine.h">
      <Filter>HiLib\Image</Filter>
    </ClInclude>
    <ClInclude Include="..\HiLib\shared_lock_property.h">
      <Filter>HiLib</Filter>
    </ClInclude>
    <ClInclude Include="..\HiLib\FileIsInUse.h">
      <Filter>HiLib</Filter>
    </ClInclude>
    <ClInclude Include="..\HiLib\D2DThumbnailDrawer.h">
      <Filter>HiLib</Filter>
    </ClInclude>
    <ClInclude Include="IImageColumn.h">
      <Filter>Filer</Filter>
    </ClInclude>
    <ClInclude Include="..\HiLib\ImageDrawer.h">
      <Filter>HiLib\Image</Filter>
    </ClInclude>
    <ClInclude Include="..\HiLib\TextBlockProperty.h">
      <Filter>HiLib</Filter>
    </ClInclude>
    <ClInclude Include="..\HiLib\TabControlProperty.h">
      <Filter>HiLib\TabControl</Filter>
    </ClInclude>
    <ClInclude Include="..\HiLib\ButtonProperty.h">
      <Filter>HiLib\Button</Filter>
    </ClInclude>
    <ClInclude Include="..\HiLib\Button.h">
      <Filter>HiLib\Button</Filter>
    </ClInclude>
    <ClInclude Include="..\HiLib\TabControl.h">
      <Filter>HiLib\TabControl</Filter>
    </ClInclude>
    <ClInclude Include="..\D2DTextBox\TextBox.h">
      <Filter>HiLib\TextBox</Filter>
    </ClInclude>
    <ClInclude Include="..\D2DTextBox\TextboxStateMachine.h">
      <Filter>HiLib\TextBox</Filter>
    </ClInclude>
    <ClInclude Include="..\D2DTextBox\IBridgeTSFInterface.h">
      <Filter>HiLib\TextBox</Filter>
    </ClInclude>
    <ClInclude Include="..\D2DTextBox\TextEditSink.h">
      <Filter>HiLib\TextBox</Filter>
    </ClInclude>
    <ClInclude Include="..\D2DTextBox\TextStoreACP.h">
      <Filter>HiLib\TextBox</Filter>
    </ClInclude>
    <ClInclude Include="..\HiLib\UnDoReDoManager.h">
      <Filter>HiLib\TextBox</Filter>
    </ClInclude>
    <ClInclude Include="..\HiLib\IDoCommand.h">
      <Filter>HiLib\TextBox</Filter>
    </ClInclude>
    <ClInclude Include="..\D2DTextBox\DisplayAttribute.h">
      <Filter>HiLib\TextBox</Filter>
    </ClInclude>
    <ClInclude Include="..\HiLib\PreviewHandlerFrame.h">
      <Filter>HiLib\PreviewControl</Filter>
    </ClInclude>
    <ClInclude Include="..\HiLib\PreviewControl.h">
      <Filter>HiLib\PreviewControl</Filter>
    </ClInclude>
    <ClInclude Include="..\HiLib\PreviewControlProperty.h">
      <Filter>HiLib\PreviewControl</Filter>
    </ClInclude>
    <ClInclude Include="..\HiLib\PreviewWnd.h">
      <Filter>HiLib\PreviewControl</Filter>
    </ClInclude>
    <ClInclude Include="..\FilerHook\FilerHook.h">
      <Filter>FilerHook</Filter>
    </ClInclude>
    <ClInclude Include="..\HiLib\FPDFBitmap.h">
      <Filter>HiLib\PDF\FPDF</Filter>
    </ClInclude>
    <ClInclude Include="..\HiLib\FPDFDocument.h">
      <Filter>HiLib\PDF\FPDF</Filter>
    </ClInclude>
    <ClInclude Include="..\HiLib\FPDFPage.h">
      <Filter>HiLib\PDF\FPDF</Filter>
    </ClInclude>
    <ClInclude Include="..\HiLib\FPDFTextPage.h">
      <Filter>HiLib\PDF\FPDF</Filter>
    </ClInclude>
    <ClInclude Include="..\HiLib\FPDFSchHandle.h">
      <Filter>HiLib\PDF\FPDF</Filter>
    </ClInclude>
    <ClInclude Include="..\HiLib\FPDF.h">
      <Filter>HiLib\PDF\FPDF</Filter>
    </ClInclude>
    <ClInclude Include="..\HiLib\FPDFFileWrite.h">
      <Filter>HiLib\PDF\FPDF</Filter>
    </ClInclude>
    <ClInclude Include="..\HiLib\PDFPage.h">
      <Filter>HiLib\PDF\PDFModel</Filter>
    </ClInclude>
    <ClInclude Include="..\HiLib\PDFDoc.h">
      <Filter>HiLib\PDF\PDFModel</Filter>
    </ClInclude>
    <ClInclude Include="..\HiLib\PDFBitmapDrawer.h">
      <Filter>HiLib\PDF\PDFView</Filter>
    </ClInclude>
    <ClInclude Include="..\HiLib\PDFCaret.h">
      <Filter>HiLib\PDF\PDFView</Filter>
    </ClInclude>
    <ClInclude Include="..\HiLib\PDFEditor.h">
      <Filter>HiLib\PDF\PDFView</Filter>
    </ClInclude>
    <ClInclude Include="..\HiLib\PDFEditorProperty.h">
      <Filter>HiLib\PDF\PDFView</Filter>
    </ClInclude>
    <ClInclude Include="..\HiLib\PdfView.h">
      <Filter>HiLib\PDF\PDFView</Filter>
    </ClInclude>
    <ClInclude Include="..\HiLib\PDFViewProperty.h">
      <Filter>HiLib\PDF\PDFView</Filter>
    </ClInclude>
    <ClInclude Include="..\HiLib\PdfViewStateMachine.h">
      <Filter>HiLib\PDF\PDFView</Filter>
    </ClInclude>
    <ClInclude Include="..\HiLib\Date.h">
      <Filter>HiLib</Filter>
    </ClInclude>
    <ClInclude Include="..\HiLib\CheckBoxState.h">
      <Filter>HiLib</Filter>
    </ClInclude>
    <ClInclude Include="TaskRow.h">
      <Filter>Filer\ToDo</Filter>
    </ClInclude>
    <ClInclude Include="Task.h">
      <Filter>Filer\ToDo</Filter>
    </ClInclude>
    <ClInclude Include="ToDoGridView.h">
      <Filter>Filer\ToDo</Filter>
    </ClInclude>
    <ClInclude Include="TaskDueDateCell.h">
      <Filter>Filer\ToDo</Filter>
    </ClInclude>
    <ClInclude Include="TaskDueDateColumn.h">
      <Filter>Filer\ToDo</Filter>
    </ClInclude>
    <ClInclude Include="TaskMemoColumn.h">
      <Filter>Filer\ToDo</Filter>
    </ClInclude>
    <ClInclude Include="TaskMemoCell.h">
      <Filter>Filer\ToDo</Filter>
    </ClInclude>
    <ClInclude Include="ToDoDoc.h">
      <Filter>Filer\ToDo</Filter>
    </ClInclude>
    <ClInclude Include="..\HiLib\reactive_property.h">
      <Filter>HiLib\Reactive</Filter>
    </ClInclude>
    <ClInclude Include="..\HiLib\reactive_command.h">
      <Filter>HiLib\Reactive</Filter>
    </ClInclude>
    <ClInclude Include="..\HiLib\reactive_vector.h">
      <Filter>HiLib\Reactive</Filter>
    </ClInclude>
    <ClInclude Include="..\HiLib\YearMonthDay.h">
      <Filter>HiLib</Filter>
    </ClInclude>
    <ClInclude Include="TaskCheckBoxColumn.h">
      <Filter>Filer\ToDo</Filter>
    </ClInclude>
    <ClInclude Include="TaskNameColumn.h">
      <Filter>Filer\ToDo</Filter>
    </ClInclude>
    <ClInclude Include="..\HiLIb\subject.h" />
    <ClInclude Include="..\HiLib\CheckBox.h">
      <Filter>HiLib</Filter>
    </ClInclude>
    <ClInclude Include="..\HiLib\CheckBoxType.h">
      <Filter>HiLib</Filter>
    </ClInclude>
    <ClInclude Include="..\HiLib\BindYearMonthDayColumn.h">
      <Filter>HiLib</Filter>
    </ClInclude>
    <ClInclude Include="..\HiLib\BindYearMonthDayCell.h">
      <Filter>HiLib</Filter>
    </ClInclude>
    <ClInclude Include="..\HiLib\FPDFFormHandle.h">
      <Filter>HiLib\PDF\FPDF</Filter>
    </ClInclude>
    <ClInclude Include="..\HiLib\reactive_string.h">
      <Filter>HiLib\Reactive</Filter>
    </ClInclude>
    <ClInclude Include="..\HiLib\reactive_container.h">
      <Filter>HiLib\Reactive</Filter>
    </ClInclude>
    <ClInclude Include="..\HiLib\notify_container_changed.h">
      <Filter>HiLib\Reactive</Filter>
    </ClInclude>
    <ClInclude Include="..\HiLib\TextCaret.h">
      <Filter>HiLib\TextBox</Filter>
    </ClInclude>
    <ClInclude Include="TextTabData.h">
      <Filter>Filer\FilerTab</Filter>
    </ClInclude>
    <ClInclude Include="FilerTabData.h">
      <Filter>Filer\FilerTab</Filter>
    </ClInclude>
    <ClInclude Include="ImageTabData.h">
      <Filter>Filer\FilerTab</Filter>
    </ClInclude>
    <ClInclude Include="PDFTabData.h">
      <Filter>Filer\FilerTab</Filter>
    </ClInclude>
    <ClInclude Include="ToDoTabData.h">
      <Filter>Filer\FilerTab</Filter>
    </ClInclude>
    <ClInclude Include="PreviewTabData.h">
      <Filter>D2DTextBox</Filter>
    </ClInclude>
    <ClInclude Include="..\HiLib\TextDoc.h">
      <Filter>D2DTextBox</Filter>
    </ClInclude>
    <ClInclude Include="..\HiLib\FileStatus.h">
      <Filter>HiLib</Filter>
    </ClInclude>
    <ClInclude Include="TabTemplate.h">
      <Filter>Filer\FilerTab</Filter>
    </ClInclude>
    <ClInclude Include="..\HiLib\scoped_connections.h">
      <Filter>HiLib\Reactive</Filter>
    </ClInclude>
    <ClInclude Include="..\HiLib\TSFManager.h">
      <Filter>HiLib\TextBox</Filter>
    </ClInclude>
    <ClInclude Include="..\HiLib\KeyTraceEventSink.h">
      <Filter>HiLib\TextBox</Filter>
    </ClInclude>
    <ClInclude Include="..\HiLib\CalendarControl.h">
      <Filter>HiLib</Filter>
    </ClInclude>
    <ClInclude Include="..\HiLib\CalendarDialog.h">
      <Filter>HiLib</Filter>
    </ClInclude>
    <ClInclude Include="..\HiLib\ToolTip.h">
      <Filter>HiLib</Filter>
    </ClInclude>
  </ItemGroup>
  <ItemGroup>
    <ClCompile Include="DirectoryWatcher.cpp">
      <Filter>Filer</Filter>
    </ClCompile>
    <ClCompile Include="DropSource.cpp">
      <Filter>Filer</Filter>
    </ClCompile>
    <ClCompile Include="Favorite.cpp">
      <Filter>Filer</Filter>
    </ClCompile>
    <ClCompile Include="FavoritesGridView.cpp">
      <Filter>Filer</Filter>
    </ClCompile>
    <ClCompile Include="FileDragger.cpp">
      <Filter>Filer</Filter>
    </ClCompile>
    <ClCompile Include="Filer.cpp">
      <Filter>Filer</Filter>
    </ClCompile>
    <ClCompile Include="FilerGridView.cpp">
      <Filter>Filer</Filter>
    </ClCompile>
    <ClCompile Include="FilerWnd.cpp">
      <Filter>Filer</Filter>
    </ClCompile>
    <ClCompile Include="FileSizeCell.cpp">
      <Filter>Filer</Filter>
    </ClCompile>
    <ClCompile Include="PathCell.cpp">
      <Filter>Filer</Filter>
    </ClCompile>
    <ClCompile Include="ShellFile.cpp">
      <Filter>Filer</Filter>
    </ClCompile>
    <ClCompile Include="stdafx.cpp">
      <Filter>Filer</Filter>
    </ClCompile>
    <ClCompile Include="..\HiLib\Band.cpp">
      <Filter>HiLib</Filter>
    </ClCompile>
    <ClCompile Include="..\HiLib\Cell.cpp">
      <Filter>HiLib</Filter>
    </ClCompile>
    <ClCompile Include="..\HiLib\CellStringCommand.cpp">
      <Filter>HiLib</Filter>
    </ClCompile>
    <ClCompile Include="..\HiLib\ColorCell.cpp">
      <Filter>HiLib</Filter>
    </ClCompile>
    <ClCompile Include="..\HiLib\Column.cpp">
      <Filter>HiLib</Filter>
    </ClCompile>
    <ClCompile Include="..\HiLib\CShellExtension.cpp">
      <Filter>HiLib</Filter>
    </ClCompile>
    <ClCompile Include="..\HiLib\Cursorer.cpp">
      <Filter>HiLib</Filter>
    </ClCompile>
    <ClCompile Include="..\HiLib\FilterCell.cpp">
      <Filter>HiLib</Filter>
    </ClCompile>
    <ClCompile Include="..\HiLib\FontCell.cpp">
      <Filter>HiLib</Filter>
    </ClCompile>
    <ClCompile Include="..\HiLib\GridView.cpp">
      <Filter>HiLib</Filter>
    </ClCompile>
    <ClCompile Include="..\HiLib\KonamiCommander.cpp">
      <Filter>HiLib</Filter>
    </ClCompile>
    <ClCompile Include="..\HiLib\MyAutoUpdater.cpp">
      <Filter>HiLib</Filter>
    </ClCompile>
    <ClCompile Include="..\HiLib\MyColor.cpp">
      <Filter>HiLib</Filter>
    </ClCompile>
    <ClCompile Include="..\HiLib\MyDC.cpp">
      <Filter>HiLib</Filter>
    </ClCompile>
    <ClCompile Include="..\HiLib\MyDlg.cpp">
      <Filter>HiLib</Filter>
    </ClCompile>
    <ClCompile Include="..\HiLib\MyFile.cpp">
      <Filter>HiLib</Filter>
    </ClCompile>
    <ClCompile Include="..\HiLib\MyInternet.cpp">
      <Filter>HiLib</Filter>
    </ClCompile>
    <ClCompile Include="..\HiLib\MyPen.cpp">
      <Filter>HiLib</Filter>
    </ClCompile>
    <ClCompile Include="..\HiLib\MyString.cpp">
      <Filter>HiLib</Filter>
    </ClCompile>
    <ClCompile Include="..\HiLib\MyWin32.cpp">
      <Filter>HiLib</Filter>
    </ClCompile>
    <ClCompile Include="..\HiLib\MyWnd.cpp">
      <Filter>HiLib</Filter>
    </ClCompile>
    <ClCompile Include="..\HiLib\MyXMLSerializer.cpp">
      <Filter>HiLib</Filter>
    </ClCompile>
    <ClCompile Include="..\HiLib\Row.cpp">
      <Filter>HiLib</Filter>
    </ClCompile>
    <ClCompile Include="..\HiLib\RowColumn.cpp">
      <Filter>HiLib</Filter>
    </ClCompile>
    <ClCompile Include="..\HiLib\se_exception.cpp">
      <Filter>HiLib</Filter>
    </ClCompile>
    <ClCompile Include="..\HiLib\Sheet.cpp">
      <Filter>HiLib</Filter>
    </ClCompile>
    <ClCompile Include="..\HiLib\SheetCell.cpp">
      <Filter>HiLib</Filter>
    </ClCompile>
    <ClCompile Include="..\HiLib\TextCell.cpp">
      <Filter>HiLib</Filter>
    </ClCompile>
    <ClCompile Include="..\HiLib\UIElement.cpp">
      <Filter>HiLib</Filter>
    </ClCompile>
    <ClCompile Include="..\HiLib\SingletonMalloc.cpp">
      <Filter>HiLib</Filter>
    </ClCompile>
    <ClCompile Include="ShellFolder.cpp">
      <Filter>Filer</Filter>
    </ClCompile>
    <ClCompile Include="..\HiLib\Celler.cpp">
      <Filter>HiLib</Filter>
    </ClCompile>
    <ClCompile Include="FilerTabGridView.cpp">
      <Filter>Filer</Filter>
    </ClCompile>
    <ClCompile Include="KnownFolder.cpp">
      <Filter>Filer</Filter>
    </ClCompile>
    <ClCompile Include="DriveFolder.cpp">
      <Filter>Filer</Filter>
    </ClCompile>
    <ClCompile Include="ShellZipFolder.cpp">
      <Filter>Filer</Filter>
    </ClCompile>
    <ClCompile Include="..\HiLib\BoostPythonHelper.cpp">
      <Filter>HiLib</Filter>
    </ClCompile>
    <ClCompile Include="PathRow.cpp">
      <Filter>Filer</Filter>
    </ClCompile>
    <ClCompile Include="..\HiLib\ResourceIDFactory.cpp">
      <Filter>HiLib</Filter>
    </ClCompile>
    <ClCompile Include="..\HiLib\Direct2DWrite.cpp">
      <Filter>HiLib</Filter>
    </ClCompile>
    <ClCompile Include="..\HiLib\Console.cpp">
      <Filter>HiLib</Filter>
    </ClCompile>
    <ClCompile Include="..\HiLib\Scroll.cpp">
      <Filter>HiLib</Filter>
    </ClCompile>
    <ClCompile Include="..\HiLib\DeadlineTimer.cpp">
      <Filter>HiLib</Filter>
    </ClCompile>
    <ClCompile Include="..\HiLib\D2DAtlasBitmap.cpp">
      <Filter>HiLib</Filter>
    </ClCompile>
    <ClCompile Include="..\HiLib\IDL.cpp">
      <Filter>HiLib</Filter>
    </ClCompile>
    <ClCompile Include="..\HiLib\MyIcon.cpp">
      <Filter>HiLib</Filter>
    </ClCompile>
    <ClCompile Include="ShellFileFactory.cpp">
      <Filter>Filer</Filter>
    </ClCompile>
    <ClCompile Include="..\HiLib\ProgressBar.cpp">
      <Filter>HiLib</Filter>
    </ClCompile>
    <ClCompile Include="CheckableFileGrid.cpp">
      <Filter>Filer</Filter>
    </ClCompile>
    <ClCompile Include="IncrementalCopyDlg.cpp">
      <Filter>Filer</Filter>
    </ClCompile>
    <ClCompile Include="FilerGridViewWnd.cpp">
      <Filter>Filer</Filter>
    </ClCompile>
    <ClCompile Include="SearchWnd.cpp">
      <Filter>Filer</Filter>
    </ClCompile>
    <ClCompile Include="..\HiLib\ShellFunction.cpp">
      <Filter>HiLib</Filter>
    </ClCompile>
    <ClCompile Include="..\HiLib\ThreadSafeKnownFolderManagaer.cpp">
      <Filter>HiLib</Filter>
    </ClCompile>
    <ClCompile Include="..\HiLib\ThreadSafeDriveFolderManager.cpp">
      <Filter>HiLib</Filter>
    </ClCompile>
    <ClCompile Include="..\HiLib\SheetStateMachine.cpp">
      <Filter>HiLib</Filter>
    </ClCompile>
    <ClCompile Include="..\HiLib\GridViewStateMachine.cpp">
      <Filter>HiLib</Filter>
    </ClCompile>
    <ClCompile Include="..\HiLib\CheckBoxFilterCell.cpp">
      <Filter>HiLib</Filter>
    </ClCompile>
    <ClCompile Include="..\HiLib\CheckBoxCell.cpp">
      <Filter>HiLib</Filter>
    </ClCompile>
    <ClCompile Include="..\HiLib\Timer.cpp">
      <Filter>HiLib</Filter>
    </ClCompile>
    <ClCompile Include="..\HiLib\MapColumn.cpp">
      <Filter>HiLib</Filter>
    </ClCompile>
    <ClCompile Include="..\HiLib\SortCell.cpp">
      <Filter>HiLib</Filter>
    </ClCompile>
    <ClCompile Include="..\HiLib\ColumnIndexCell.cpp">
      <Filter>HiLib</Filter>
    </ClCompile>
    <ClCompile Include="..\HiLib\RowIndexCell.cpp">
      <Filter>HiLib</Filter>
    </ClCompile>
    <ClCompile Include="..\HiLib\RowIndexColumn.cpp">
      <Filter>HiLib</Filter>
    </ClCompile>
    <ClCompile Include="FileOperationDlg.cpp">
      <Filter>Filer</Filter>
    </ClCompile>
    <ClCompile Include="..\HiLib\StatusBar.cpp">
      <Filter>HiLib</Filter>
    </ClCompile>
    <ClCompile Include="..\HiLib\MouseStateMachine.cpp">
      <Filter>HiLib</Filter>
    </ClCompile>
    <ClCompile Include="..\HiLib\D2DWControl.cpp">
      <Filter>HiLib</Filter>
    </ClCompile>
    <ClCompile Include="..\HiLib\D2DWWindow.cpp">
      <Filter>HiLib</Filter>
    </ClCompile>
    <ClCompile Include="..\HiLib\Dispatcher.cpp">
      <Filter>HiLib</Filter>
    </ClCompile>
    <ClCompile Include="..\HiLib\UniqueIDFactory.cpp">
      <Filter>HiLib</Filter>
    </ClCompile>
    <ClCompile Include="DropTarget.cpp">
      <Filter>Filer</Filter>
    </ClCompile>
    <ClCompile Include="..\HiLib\DropTargetManager.cpp">
      <Filter>HiLib</Filter>
    </ClCompile>
    <ClCompile Include="..\HiLIb\Splitter.cpp">
      <Filter>HiLib</Filter>
    </ClCompile>
    <ClCompile Include="LauncherGridView.cpp">
      <Filter>Filer</Filter>
    </ClCompile>
    <ClCompile Include="..\HiLib\JsonSerializer.cpp">
      <Filter>HiLib</Filter>
    </ClCompile>
    <ClCompile Include="..\HiLib\TextEnDecoder.cpp">
      <Filter>HiLib</Filter>
    </ClCompile>
    <ClCompile Include="FilerWndStatusBar.cpp">
      <Filter>Filer</Filter>
    </ClCompile>
    <ClCompile Include="Test.cpp" />
    <ClCompile Include="FilerApplication.cpp">
      <Filter>Filer</Filter>
    </ClCompile>
    <ClCompile Include="DriveSizeCell.cpp">
      <Filter>Filer</Filter>
    </ClCompile>
    <ClCompile Include="..\HiLib\Editor.cpp">
      <Filter>D2DTextBox</Filter>
    </ClCompile>
    <ClCompile Include="..\D2DTextBox\CellTextBox.cpp">
      <Filter>D2DTextBox</Filter>
    </ClCompile>
    <ClCompile Include="..\HiLib\D2DWDialog.cpp">
      <Filter>HiLib</Filter>
    </ClCompile>
    <ClCompile Include="..\HiLib\DialogStateMachine.cpp">
      <Filter>HiLib</Filter>
    </ClCompile>
    <ClCompile Include="..\HiLib\Debug.cpp">
      <Filter>HiLib</Filter>
    </ClCompile>
    <ClCompile Include="..\D2DTextBox\EditorScroll.cpp">
      <Filter>D2DTextBox</Filter>
    </ClCompile>
    <ClCompile Include="..\D2DTextBox\EditorTextBox.cpp">
      <Filter>D2DTextBox</Filter>
    </ClCompile>
    <ClCompile Include="..\HiLib\ThreadPool.cpp">
      <Filter>HiLib</Filter>
    </ClCompile>
    <ClCompile Include="..\HiLib\TextBoxDialog.cpp">
      <Filter>HiLib</Filter>
    </ClCompile>
    <ClCompile Include="..\HiLib\TextBlock.cpp">
      <Filter>HiLib</Filter>
    </ClCompile>
    <ClCompile Include="..\HiLib\D2DImage.cpp">
      <Filter>HiLib</Filter>
    </ClCompile>
    <ClCompile Include="..\HiLib\D2DWTypes.cpp">
      <Filter>HiLib</Filter>
    </ClCompile>
    <ClCompile Include="..\HiLib\D2DFileIconDrawer.cpp">
      <Filter>HiLib</Filter>
    </ClCompile>
    <ClCompile Include="..\HiLib\ImageEditor.cpp">
      <Filter>HiLib\Image</Filter>
    </ClCompile>
    <ClCompile Include="..\HiLib\ImageView.cpp">
      <Filter>HiLib\Image</Filter>
    </ClCompile>
    <ClCompile Include="..\HiLib\ImageViewStateMachine.cpp">
      <Filter>HiLib\Image</Filter>
    </ClCompile>
    <ClCompile Include="..\HiLib\ShowHideMenuItem.cpp">
      <Filter>HiLib\Image</Filter>
    </ClCompile>
    <ClCompile Include="..\HiLib\FileIsInUse.cpp">
      <Filter>HiLib</Filter>
    </ClCompile>
    <ClCompile Include="..\HiLib\D2DThumbnailDrawer.cpp">
      <Filter>HiLib</Filter>
    </ClCompile>
    <ClCompile Include="..\HiLib\ImageDrawer.cpp">
      <Filter>HiLib\Image</Filter>
    </ClCompile>
    <ClCompile Include="..\HiLib\Button.cpp">
      <Filter>HiLib\Button</Filter>
    </ClCompile>
    <ClCompile Include="..\HiLib\TabControl.cpp">
      <Filter>HiLib\TabControl</Filter>
    </ClCompile>
    <ClCompile Include="..\D2DTextBox\TextBox.cpp">
      <Filter>HiLib\TextBox</Filter>
    </ClCompile>
    <ClCompile Include="..\D2DTextBox\TextboxStateMachine.cpp">
      <Filter>HiLib\TextBox</Filter>
    </ClCompile>
    <ClCompile Include="..\D2DTextBox\TextEditSink.cpp">
      <Filter>HiLib\TextBox</Filter>
    </ClCompile>
    <ClCompile Include="..\D2DTextBox\TextStoreACP.cpp">
      <Filter>HiLib\TextBox</Filter>
    </ClCompile>
    <ClCompile Include="..\HiLib\UnDoReDoManager.cpp">
      <Filter>HiLib\TextBox</Filter>
    </ClCompile>
    <ClCompile Include="..\D2DTextBox\DisplayAttribute.cpp">
      <Filter>HiLib\TextBox</Filter>
    </ClCompile>
    <ClCompile Include="..\HiLib\PreviewControl.cpp">
      <Filter>HiLib\PreviewControl</Filter>
    </ClCompile>
    <ClCompile Include="..\HiLib\PreviewWnd.cpp">
      <Filter>HiLib\PreviewControl</Filter>
    </ClCompile>
    <ClCompile Include="..\HiLib\FPDFBitmap.cpp">
      <Filter>HiLib\PDF\FPDF</Filter>
    </ClCompile>
    <ClCompile Include="..\HiLib\FPDFDocument.cpp">
      <Filter>HiLib\PDF\FPDF</Filter>
    </ClCompile>
    <ClCompile Include="..\HiLib\FPDFPage.cpp">
      <Filter>HiLib\PDF\FPDF</Filter>
    </ClCompile>
    <ClCompile Include="..\HiLib\FPDFTextPage.cpp">
      <Filter>HiLib\PDF\FPDF</Filter>
    </ClCompile>
    <ClCompile Include="..\HiLib\FPDF.cpp">
      <Filter>HiLib\PDF\FPDF</Filter>
    </ClCompile>
    <ClCompile Include="..\HiLib\PDFDoc.cpp">
      <Filter>HiLib\PDF\PDFModel</Filter>
    </ClCompile>
    <ClCompile Include="..\HiLib\PDFPage.cpp">
      <Filter>HiLib\PDF\PDFModel</Filter>
    </ClCompile>
    <ClCompile Include="..\HiLib\PDFBitmapDrawer.cpp">
      <Filter>HiLib\PDF\PDFView</Filter>
    </ClCompile>
    <ClCompile Include="..\HiLib\PDFCaret.cpp">
      <Filter>HiLib\PDF\PDFView</Filter>
    </ClCompile>
    <ClCompile Include="..\HiLib\PDFEditor.cpp">
      <Filter>HiLib\PDF\PDFView</Filter>
    </ClCompile>
    <ClCompile Include="..\HiLib\PdfView.cpp">
      <Filter>HiLib\PDF\PDFView</Filter>
    </ClCompile>
    <ClCompile Include="..\HiLib\PdfViewStateMachine.cpp">
      <Filter>HiLib\PDF\PDFView</Filter>
    </ClCompile>
    <ClCompile Include="TaskRow.cpp">
      <Filter>Filer\ToDo</Filter>
    </ClCompile>
    <ClCompile Include="ToDoGridView.cpp">
      <Filter>Filer\ToDo</Filter>
    </ClCompile>
    <ClCompile Include="ToDoDoc.cpp">
      <Filter>Filer\ToDo</Filter>
    </ClCompile>
    <ClCompile Include="..\HiLIb\YearMonthDay.cpp">
      <Filter>HiLib</Filter>
    </ClCompile>
    <ClCompile Include="..\HiLib\CheckBox.cpp">
      <Filter>HiLib</Filter>
    </ClCompile>
    <ClCompile Include="..\HiLib\CheckBoxState.cpp">
      <Filter>HiLib</Filter>
    </ClCompile>
    <ClCompile Include="..\HiLib\FPDFFormHandle.cpp">
      <Filter>HiLib\PDF\FPDF</Filter>
    </ClCompile>
    <ClCompile Include="..\HiLib\TextCaret.cpp">
      <Filter>HiLib\TextBox</Filter>
    </ClCompile>
    <ClCompile Include="TextTabData.cpp">
      <Filter>Filer\FilerTab</Filter>
    </ClCompile>
    <ClCompile Include="FilerTabData.cpp">
      <Filter>Filer\FilerTab</Filter>
    </ClCompile>
    <ClCompile Include="ImageTabData.cpp">
      <Filter>Filer\FilerTab</Filter>
    </ClCompile>
    <ClCompile Include="PDFTabData.cpp">
      <Filter>Filer\FilerTab</Filter>
    </ClCompile>
    <ClCompile Include="ToDoTabData.cpp">
      <Filter>Filer\FilerTab</Filter>
    </ClCompile>
    <ClCompile Include="..\HiLib\TextDoc.cpp">
      <Filter>HiLib</Filter>
    </ClCompile>
    <ClCompile Include="..\HiLib\TSFManager.cpp">
      <Filter>HiLib\TextBox</Filter>
    </ClCompile>
    <ClCompile Include="..\HiLib\KeyTraceEventSink.cpp">
      <Filter>HiLib\TextBox</Filter>
    </ClCompile>
    <ClCompile Include="..\HiLib\CalendarControl.cpp">
      <Filter>HiLib</Filter>
    </ClCompile>
    <ClCompile Include="..\HiLib\CalendarDialog.cpp">
      <Filter>HiLib</Filter>
    </ClCompile>
    <ClCompile Include="..\HiLib\ToolTip.cpp">
      <Filter>HiLib</Filter>
    </ClCompile>
    <ClCompile Include="BindTest.cpp">
      <Filter>Filer</Filter>
    </ClCompile>
  </ItemGroup>
  <ItemGroup>
    <None Include="..\HiLib\msxml6.tli">
      <Filter>HiLib</Filter>
    </None>
    <None Include="..\HiLib\msxml6.tlh">
      <Filter>HiLib</Filter>
    </None>
    <None Include="..\HiLib\Gradius.cur">
      <Filter>HiLib</Filter>
    </None>
    <None Include="..\Release\Filer.exe">
      <Filter>Release</Filter>
    </None>
    <None Include="HandOpen.cur">
      <Filter>Resource</Filter>
    </None>
    <None Include="HandGrab.cur">
      <Filter>Resource</Filter>
    </None>
  </ItemGroup>
</Project>