<?xml version="1.0" encoding="utf-8"?>
<Project ToolsVersion="4.0" xmlns="http://schemas.microsoft.com/developer/msbuild/2003">
  <ItemGroup>
    <Filter Include="Filer">
      <UniqueIdentifier>{684dd69d-67eb-4587-8d2b-35b9e0355130}</UniqueIdentifier>
    </Filter>
    <Filter Include="HiLib">
      <UniqueIdentifier>{577289ae-3d99-4341-8fc0-d6c3ae4f24ae}</UniqueIdentifier>
    </Filter>
    <Filter Include="Resource">
      <UniqueIdentifier>{67DA6AB6-F800-4c08-8B7A-83BB121AAD01}</UniqueIdentifier>
      <Extensions>rc;ico;cur;bmp;dlg;rc2;rct;bin;rgs;gif;jpg;jpeg;jpe;resx;tiff;tif;png;wav;mfcribbon-ms</Extensions>
    </Filter>
    <Filter Include="Release">
      <UniqueIdentifier>{23fdc6c8-000e-44b9-9991-497e66d8619d}</UniqueIdentifier>
    </Filter>
    <Filter Include="D2DTextBox">
      <UniqueIdentifier>{cce17a06-89bc-4334-81bb-ab715ac5fcf1}</UniqueIdentifier>
    </Filter>
  </ItemGroup>
  <ItemGroup>
    <Text Include="ReadMe.txt" />
  </ItemGroup>
  <ItemGroup>
    <ResourceCompile Include="Filer.rc">
      <Filter>Resource</Filter>
    </ResourceCompile>
    <ResourceCompile Include="..\HiLib\FindDlg.rc">
      <Filter>HiLib</Filter>
    </ResourceCompile>
    <ResourceCompile Include="..\HiLib\Konami.rc">
      <Filter>HiLib</Filter>
    </ResourceCompile>
    <ResourceCompile Include="..\HiLib\SheetCell.rc">
      <Filter>HiLib</Filter>
    </ResourceCompile>
    <ResourceCompile Include="..\HiLib\Update.rc">
      <Filter>HiLib</Filter>
    </ResourceCompile>
  </ItemGroup>
  <ItemGroup>
    <Image Include="Filer.ico">
      <Filter>Resource</Filter>
    </Image>
    <Image Include="..\HiLib\small.ico">
      <Filter>D2DTextBox</Filter>
    </Image>
  </ItemGroup>
  <ItemGroup>
    <ClInclude Include="DirectoryWatcher.h">
      <Filter>Filer</Filter>
    </ClInclude>
    <ClInclude Include="DropSource.h">
      <Filter>Filer</Filter>
    </ClInclude>
    <ClInclude Include="DropTarget.h">
      <Filter>Filer</Filter>
    </ClInclude>
    <ClInclude Include="Favorite.h">
      <Filter>Filer</Filter>
    </ClInclude>
    <ClInclude Include="FavoriteRow.h">
      <Filter>Filer</Filter>
    </ClInclude>
    <ClInclude Include="FavoritesColumn.h">
      <Filter>Filer</Filter>
    </ClInclude>
    <ClInclude Include="FavoritesGridView.h">
      <Filter>Filer</Filter>
    </ClInclude>
    <ClInclude Include="FavoritesProperty.h">
      <Filter>Filer</Filter>
    </ClInclude>
    <ClInclude Include="FileDragger.h">
      <Filter>Filer</Filter>
    </ClInclude>
    <ClInclude Include="FileDraggingState.h">
      <Filter>Filer</Filter>
    </ClInclude>
    <ClInclude Include="FileExtCell.h">
      <Filter>Filer</Filter>
    </ClInclude>
    <ClInclude Include="FileExtColumn.h">
      <Filter>Filer</Filter>
    </ClInclude>
    <ClInclude Include="FileIconCell.h">
      <Filter>Filer</Filter>
    </ClInclude>
    <ClInclude Include="FileIconColumn.h">
      <Filter>Filer</Filter>
    </ClInclude>
    <ClInclude Include="FileLastWriteCell.h">
      <Filter>Filer</Filter>
    </ClInclude>
    <ClInclude Include="FileLastWriteColumn.h">
      <Filter>Filer</Filter>
    </ClInclude>
    <ClInclude Include="FileNameColumn.h">
      <Filter>Filer</Filter>
    </ClInclude>
    <ClInclude Include="Filer.h">
      <Filter>Filer</Filter>
    </ClInclude>
    <ClInclude Include="FilerGridView.h">
      <Filter>Filer</Filter>
    </ClInclude>
    <ClInclude Include="FileRow.h">
      <Filter>Filer</Filter>
    </ClInclude>
    <ClInclude Include="FilerProperty.h">
      <Filter>Filer</Filter>
    </ClInclude>
    <ClInclude Include="FilerWnd.h">
      <Filter>Filer</Filter>
    </ClInclude>
    <ClInclude Include="FileSizeCell.h">
      <Filter>Filer</Filter>
    </ClInclude>
    <ClInclude Include="FileSizeColumn.h">
      <Filter>Filer</Filter>
    </ClInclude>
    <ClInclude Include="PathCell.h">
      <Filter>Filer</Filter>
    </ClInclude>
    <ClInclude Include="resource.h">
      <Filter>Filer</Filter>
    </ClInclude>
    <ClInclude Include="ShellContextMenu.h">
      <Filter>Filer</Filter>
    </ClInclude>
    <ClInclude Include="ShellFile.h">
      <Filter>Filer</Filter>
    </ClInclude>
    <ClInclude Include="stdafx.h">
      <Filter>Filer</Filter>
    </ClInclude>
    <ClInclude Include="targetver.h">
      <Filter>Filer</Filter>
    </ClInclude>
    <ClInclude Include="UniqueIDFactory.h">
      <Filter>Filer</Filter>
    </ClInclude>
    <ClInclude Include="Unknown.h">
      <Filter>Filer</Filter>
    </ClInclude>
    <ClInclude Include="..\HiLib\ApplicationProperty.h">
      <Filter>HiLib</Filter>
    </ClInclude>
    <ClInclude Include="..\HiLib\atlpartial.h">
      <Filter>HiLib</Filter>
    </ClInclude>
    <ClInclude Include="..\HiLib\Band.h">
      <Filter>HiLib</Filter>
    </ClInclude>
    <ClInclude Include="..\HiLib\BindCell.h">
      <Filter>HiLib</Filter>
    </ClInclude>
    <ClInclude Include="..\HiLib\BindColumn.h">
      <Filter>HiLib</Filter>
    </ClInclude>
    <ClInclude Include="..\HiLib\BindPaintCell.h">
      <Filter>HiLib</Filter>
    </ClInclude>
    <ClInclude Include="..\HiLib\BindPaintColumn.h">
      <Filter>HiLib</Filter>
    </ClInclude>
    <ClInclude Include="..\HiLib\BindRow.h">
      <Filter>HiLib</Filter>
    </ClInclude>
    <ClInclude Include="..\HiLib\BoolCell.h">
      <Filter>HiLib</Filter>
    </ClInclude>
    <ClInclude Include="..\HiLib\ButtonState.h">
      <Filter>HiLib</Filter>
    </ClInclude>
    <ClInclude Include="..\HiLib\CDataString.h">
      <Filter>HiLib</Filter>
    </ClInclude>
    <ClInclude Include="..\HiLib\Cell.h">
      <Filter>HiLib</Filter>
    </ClInclude>
    <ClInclude Include="..\HiLib\CellProperty.h">
      <Filter>HiLib</Filter>
    </ClInclude>
    <ClInclude Include="..\HiLib\CellState.h">
      <Filter>HiLib</Filter>
    </ClInclude>
    <ClInclude Include="..\HiLib\CellStringCommand.h">
      <Filter>HiLib</Filter>
    </ClInclude>
    <ClInclude Include="..\HiLib\CExpandCollapseCell.h">
      <Filter>HiLib</Filter>
    </ClInclude>
    <ClInclude Include="..\HiLib\ChildColumnHeaderCell.h">
      <Filter>HiLib</Filter>
    </ClInclude>
    <ClInclude Include="..\HiLib\ChildHeaderCell.h">
      <Filter>HiLib</Filter>
    </ClInclude>
    <ClInclude Include="..\HiLib\ChildIndexColumn.h">
      <Filter>HiLib</Filter>
    </ClInclude>
    <ClInclude Include="..\HiLib\ChildRowHeaderCell.h">
      <Filter>HiLib</Filter>
    </ClInclude>
    <ClInclude Include="..\HiLib\ChildRowHeaderColumn.h">
      <Filter>HiLib</Filter>
    </ClInclude>
    <ClInclude Include="..\HiLib\ColorCell.h">
      <Filter>HiLib</Filter>
    </ClInclude>
    <ClInclude Include="..\HiLib\Column.h">
      <Filter>HiLib</Filter>
    </ClInclude>
    <ClInclude Include="..\HiLib\CompareCell.h">
      <Filter>HiLib</Filter>
    </ClInclude>
    <ClInclude Include="..\HiLib\CompareColumn.h">
      <Filter>HiLib</Filter>
    </ClInclude>
    <ClInclude Include="..\HiLib\CompareColumnHeaderCell.h">
      <Filter>HiLib</Filter>
    </ClInclude>
    <ClInclude Include="..\HiLib\ConsoleTimer.h">
      <Filter>HiLib</Filter>
    </ClInclude>
    <ClInclude Include="..\HiLib\CShellExtension.h">
      <Filter>HiLib</Filter>
    </ClInclude>
    <ClInclude Include="..\HiLib\Cursorer.h">
      <Filter>HiLib</Filter>
    </ClInclude>
    <ClInclude Include="..\HiLib\Dragger.h">
      <Filter>HiLib</Filter>
    </ClInclude>
    <ClInclude Include="..\HiLib\EmptyCell.h">
      <Filter>HiLib</Filter>
    </ClInclude>
    <ClInclude Include="..\HiLib\EventArgs.h">
      <Filter>HiLib</Filter>
    </ClInclude>
    <ClInclude Include="..\HiLib\FileDragger.h">
      <Filter>HiLib</Filter>
    </ClInclude>
    <ClInclude Include="..\HiLib\FilterCell.h">
      <Filter>HiLib</Filter>
    </ClInclude>
    <ClInclude Include="..\HiLib\FindDlg.h">
      <Filter>HiLib</Filter>
    </ClInclude>
    <ClInclude Include="..\HiLib\FindDlgResource.h">
      <Filter>HiLib</Filter>
    </ClInclude>
    <ClInclude Include="..\HiLib\FontCell.h">
      <Filter>HiLib</Filter>
    </ClInclude>
    <ClInclude Include="..\HiLib\FullCommand.h">
      <Filter>HiLib</Filter>
    </ClInclude>
    <ClInclude Include="..\HiLib\FunctionMenuItem.h">
      <Filter>HiLib</Filter>
    </ClInclude>
    <ClInclude Include="..\HiLib\GridView.h">
      <Filter>HiLib</Filter>
    </ClInclude>
    <ClInclude Include="..\HiLib\GridViewProperty.h">
      <Filter>HiLib</Filter>
    </ClInclude>
    <ClInclude Include="..\HiLib\GridViewResource.h">
      <Filter>HiLib</Filter>
    </ClInclude>
    <ClInclude Include="..\HiLib\IKeyObserver.h">
      <Filter>HiLib</Filter>
    </ClInclude>
    <ClInclude Include="..\HiLib\IMouseObserver.h">
      <Filter>HiLib</Filter>
    </ClInclude>
    <ClInclude Include="..\HiLib\InplaceEdit.h">
      <Filter>HiLib</Filter>
    </ClInclude>
    <ClInclude Include="..\HiLib\KonamiCommander.h">
      <Filter>HiLib</Filter>
    </ClInclude>
    <ClInclude Include="..\HiLib\KonamiResource.h">
      <Filter>HiLib</Filter>
    </ClInclude>
    <ClInclude Include="..\HiLib\MenuItem.h">
      <Filter>HiLib</Filter>
    </ClInclude>
    <ClInclude Include="..\HiLib\MessageTimer.h">
      <Filter>HiLib</Filter>
    </ClInclude>
    <ClInclude Include="..\HiLib\MyAutoUpdater.h">
      <Filter>HiLib</Filter>
    </ClInclude>
    <ClInclude Include="..\HiLib\MyBrush.h">
      <Filter>HiLib</Filter>
    </ClInclude>
    <ClInclude Include="..\HiLib\MyClipboard.h">
      <Filter>HiLib</Filter>
    </ClInclude>
    <ClInclude Include="..\HiLib\MyColor.h">
      <Filter>HiLib</Filter>
    </ClInclude>
    <ClInclude Include="..\HiLib\MyCom.h">
      <Filter>HiLib</Filter>
    </ClInclude>
    <ClInclude Include="..\HiLib\MyDC.h">
      <Filter>HiLib</Filter>
    </ClInclude>
    <ClInclude Include="..\HiLib\MyDlg.h">
      <Filter>HiLib</Filter>
    </ClInclude>
    <ClInclude Include="..\HiLib\MyFile.h">
      <Filter>HiLib</Filter>
    </ClInclude>
    <ClInclude Include="..\HiLib\MyFont.h">
      <Filter>HiLib</Filter>
    </ClInclude>
    <ClInclude Include="..\HiLib\MyFriendSerializer.h">
      <Filter>HiLib</Filter>
    </ClInclude>
    <ClInclude Include="..\HiLib\MyGdiObj.h">
      <Filter>HiLib</Filter>
    </ClInclude>
    <ClInclude Include="..\HiLib\MyGdiplusHelper.h">
      <Filter>HiLib</Filter>
    </ClInclude>
    <ClInclude Include="..\HiLib\MyInternet.h">
      <Filter>HiLib</Filter>
    </ClInclude>
    <ClInclude Include="..\HiLib\MyMenu.h">
      <Filter>HiLib</Filter>
    </ClInclude>
    <ClInclude Include="..\HiLib\MyMPL.h">
      <Filter>HiLib</Filter>
    </ClInclude>
    <ClInclude Include="..\HiLib\MyPen.h">
      <Filter>HiLib</Filter>
    </ClInclude>
    <ClInclude Include="..\HiLib\MyPoint.h">
      <Filter>HiLib</Filter>
    </ClInclude>
    <ClInclude Include="..\HiLib\MyPrerocessor.h">
      <Filter>HiLib</Filter>
    </ClInclude>
    <ClInclude Include="..\HiLib\MyRect.h">
      <Filter>HiLib</Filter>
    </ClInclude>
    <ClInclude Include="..\HiLib\MyRgn.h">
      <Filter>HiLib</Filter>
    </ClInclude>
    <ClInclude Include="..\HiLib\MySerializer.h">
      <Filter>HiLib</Filter>
    </ClInclude>
    <ClInclude Include="..\HiLib\MySize.h">
      <Filter>HiLib</Filter>
    </ClInclude>
    <ClInclude Include="..\HiLib\MyStopwatch.h">
      <Filter>HiLib</Filter>
    </ClInclude>
    <ClInclude Include="..\HiLib\MyString.h">
      <Filter>HiLib</Filter>
    </ClInclude>
    <ClInclude Include="..\HiLib\MyUniqueHandle.h">
      <Filter>HiLib</Filter>
    </ClInclude>
    <ClInclude Include="..\HiLib\MyWin32.h">
      <Filter>HiLib</Filter>
    </ClInclude>
    <ClInclude Include="..\HiLib\MyWnd.h">
      <Filter>HiLib</Filter>
    </ClInclude>
    <ClInclude Include="..\HiLib\MyXMLSerializer.h">
      <Filter>HiLib</Filter>
    </ClInclude>
    <ClInclude Include="..\HiLib\ObservableContainer.h">
      <Filter>HiLib</Filter>
    </ClInclude>
    <ClInclude Include="..\HiLib\Operation.h">
      <Filter>HiLib</Filter>
    </ClInclude>
    <ClInclude Include="..\HiLib\ParentColumnHeaderCell.h">
      <Filter>HiLib</Filter>
    </ClInclude>
    <ClInclude Include="..\HiLib\ParentColumnHeaderHeaderCell.h">
      <Filter>HiLib</Filter>
    </ClInclude>
    <ClInclude Include="..\HiLib\ParentColumnNameHeaderCell.h">
      <Filter>HiLib</Filter>
    </ClInclude>
    <ClInclude Include="..\HiLib\ParentDefaultColumn.h">
      <Filter>HiLib</Filter>
    </ClInclude>
    <ClInclude Include="..\HiLib\ParentHeaderCell.h">
      <Filter>HiLib</Filter>
    </ClInclude>
    <ClInclude Include="..\HiLib\ParentMapColumn.h">
      <Filter>HiLib</Filter>
    </ClInclude>
    <ClInclude Include="..\HiLib\ParentRowHeaderCell.h">
      <Filter>HiLib</Filter>
    </ClInclude>
    <ClInclude Include="..\HiLib\ParentRowHeaderColumn.h">
      <Filter>HiLib</Filter>
    </ClInclude>
    <ClInclude Include="..\HiLib\PropertyColumn.h">
      <Filter>HiLib</Filter>
    </ClInclude>
    <ClInclude Include="..\HiLib\PropertyGridView.h">
      <Filter>HiLib</Filter>
    </ClInclude>
    <ClInclude Include="..\HiLib\PropertyNameCell.h">
      <Filter>HiLib</Filter>
    </ClInclude>
    <ClInclude Include="..\HiLib\PropertySerializer.h">
      <Filter>HiLib</Filter>
    </ClInclude>
    <ClInclude Include="..\HiLib\PropertySheetCell.h">
      <Filter>HiLib</Filter>
    </ClInclude>
    <ClInclude Include="..\HiLib\PropertyWnd.h">
      <Filter>HiLib</Filter>
    </ClInclude>
    <ClInclude Include="..\HiLib\ResizeDlg.h">
      <Filter>HiLib</Filter>
    </ClInclude>
    <ClInclude Include="..\HiLib\resource.h">
      <Filter>HiLib</Filter>
    </ClInclude>
    <ClInclude Include="..\HiLib\Row.h">
      <Filter>HiLib</Filter>
    </ClInclude>
    <ClInclude Include="..\HiLib\RowColumn.h">
      <Filter>HiLib</Filter>
    </ClInclude>
    <ClInclude Include="..\HiLib\SEHException.h">
      <Filter>HiLib</Filter>
    </ClInclude>
    <ClInclude Include="..\HiLib\Sheet.h">
      <Filter>HiLib</Filter>
    </ClInclude>
    <ClInclude Include="..\HiLib\SheetCell.h">
      <Filter>HiLib</Filter>
    </ClInclude>
    <ClInclude Include="..\HiLib\SheetCellResource.h">
      <Filter>HiLib</Filter>
    </ClInclude>
    <ClInclude Include="..\HiLib\SheetDictionary.h">
      <Filter>HiLib</Filter>
    </ClInclude>
    <ClInclude Include="..\HiLib\SheetEnums.h">
      <Filter>HiLib</Filter>
    </ClInclude>
    <ClInclude Include="..\HiLib\SheetEventArgs.h">
      <Filter>HiLib</Filter>
    </ClInclude>
    <ClInclude Include="..\HiLib\TextCell.h">
      <Filter>HiLib</Filter>
    </ClInclude>
    <ClInclude Include="..\HiLib\Tracker.h">
      <Filter>HiLib</Filter>
    </ClInclude>
    <ClInclude Include="..\HiLib\UIElement.h">
      <Filter>HiLib</Filter>
    </ClInclude>
    <ClInclude Include="..\HiLib\UpdateDialog.h">
      <Filter>HiLib</Filter>
    </ClInclude>
    <ClInclude Include="..\HiLib\UpdateResource.h">
      <Filter>HiLib</Filter>
    </ClInclude>
    <ClInclude Include="..\HiLib\SingletonMalloc.h">
      <Filter>HiLib</Filter>
    </ClInclude>
    <ClInclude Include="ShellFolder.h">
      <Filter>Filer</Filter>
    </ClInclude>
    <ClInclude Include="..\HiLib\SheetStateMachine.h">
      <Filter>HiLib</Filter>
    </ClInclude>
    <ClInclude Include="..\HiLib\IDragger.h">
      <Filter>HiLib</Filter>
    </ClInclude>
    <ClInclude Include="..\HiLib\Celler.h">
      <Filter>HiLib</Filter>
    </ClInclude>
    <ClInclude Include="..\HiLib\MouseStateMachine.h">
      <Filter>HiLib</Filter>
    </ClInclude>
    <ClInclude Include="FavoritesItemDragger.h">
      <Filter>Filer</Filter>
    </ClInclude>
    <ClInclude Include="FavoriteCell.h">
      <Filter>Filer</Filter>
    </ClInclude>
    <ClInclude Include="..\HiLib\Debug.h">
      <Filter>HiLib</Filter>
    </ClInclude>
    <ClInclude Include="FilerTabGridView.h">
      <Filter>Filer</Filter>
    </ClInclude>
    <ClInclude Include="..\HiLib\ShowHideMenuItem.h">
      <Filter>Filer</Filter>
    </ClInclude>
    <ClInclude Include="..\HiLib\SerializerEnableIf.h">
      <Filter>HiLib</Filter>
    </ClInclude>
    <ClInclude Include="..\HiLib\ThreadHelper.h">
      <Filter>HiLib</Filter>
    </ClInclude>
    <ClInclude Include="KnownFolder.h">
      <Filter>Filer</Filter>
    </ClInclude>
    <ClInclude Include="DriveFolder.h">
      <Filter>Filer</Filter>
    </ClInclude>
    <ClInclude Include="ShellZipFolder.h">
      <Filter>Filer</Filter>
    </ClInclude>
    <ClInclude Include="..\HiLib\BoostPythonHelper.h">
      <Filter>HiLib</Filter>
    </ClInclude>
    <ClInclude Include="PathRow.h">
      <Filter>Filer</Filter>
    </ClInclude>
    <ClInclude Include="ViewProperty.h">
      <Filter>Filer</Filter>
    </ClInclude>
    <ClInclude Include="FileSizeArgs.h">
      <Filter>Filer</Filter>
    </ClInclude>
    <ClInclude Include="FilerGridViewProperty.h">
      <Filter>Filer</Filter>
    </ClInclude>
    <ClInclude Include="..\HiLib\ResourceIDFactory.h">
      <Filter>HiLib</Filter>
    </ClInclude>
    <ClInclude Include="..\HiLib\Direct2DWrite.h">
      <Filter>HiLib</Filter>
    </ClInclude>
    <ClInclude Include="..\HiLib\Scroll.h">
      <Filter>HiLib</Filter>
    </ClInclude>
    <ClInclude Include="FileTimeArgs.h">
      <Filter>Filer</Filter>
    </ClInclude>
    <ClInclude Include="FileIconNameCell.h">
      <Filter>Filer</Filter>
    </ClInclude>
    <ClInclude Include="..\HiLib\Console.h">
      <Filter>HiLib</Filter>
    </ClInclude>
    <ClInclude Include="..\HiLib\DeadlineTimer.h">
      <Filter>HiLib</Filter>
    </ClInclude>
    <ClInclude Include="..\HiLib\FileIconCache.h">
      <Filter>HiLib</Filter>
    </ClInclude>
    <ClInclude Include="..\HiLib\IDL.h">
      <Filter>HiLib</Filter>
    </ClInclude>
    <ClInclude Include="..\HiLib\MyIcon.h">
      <Filter>HiLib</Filter>
    </ClInclude>
    <ClInclude Include="ShellFileFactory.h">
      <Filter>Filer</Filter>
    </ClInclude>
    <ClInclude Include="..\HiLib\ProgressBar.h">
      <Filter>HiLib</Filter>
    </ClInclude>
    <ClInclude Include="FilerGridViewBase.h">
      <Filter>Filer</Filter>
    </ClInclude>
    <ClInclude Include="CheckableFileGrid.h">
      <Filter>Filer</Filter>
    </ClInclude>
    <ClInclude Include="IncrementalCopyWnd.h">
      <Filter>Filer</Filter>
    </ClInclude>
    <ClInclude Include="FileIconPathCell.h">
      <Filter>Filer</Filter>
    </ClInclude>
    <ClInclude Include="..\HiLib\ThreadPool.h">
      <Filter>HiLib</Filter>
    </ClInclude>
    <ClInclude Include="FileIconPathColumn.h">
      <Filter>Filer</Filter>
    </ClInclude>
    <ClInclude Include="FilerGridViewWnd.h">
      <Filter>Filer</Filter>
    </ClInclude>
    <ClInclude Include="SearchWnd.h">
      <Filter>Filer</Filter>
    </ClInclude>
    <ClInclude Include="KnownFolderManager.h">
      <Filter>HiLib</Filter>
    </ClInclude>
    <ClInclude Include="..\HiLib\ShellFunction.h">
      <Filter>HiLib</Filter>
    </ClInclude>
    <ClInclude Include="..\HiLib\ThreadSafeDriveFolderManager.h">
      <Filter>HiLib</Filter>
    </ClInclude>
    <ClInclude Include="..\HiLib\ThreadSafeKnownFolderManager.h">
      <Filter>HiLib</Filter>
    </ClInclude>
    <ClInclude Include="..\HiLib\observable_vector.h">
      <Filter>HiLib</Filter>
    </ClInclude>
    <ClInclude Include="..\D2DTextBox\TextLayout.h">
      <Filter>D2DTextBox</Filter>
    </ClInclude>
    <ClInclude Include="..\D2DTextBox\TextEditor.h">
      <Filter>D2DTextBox</Filter>
    </ClInclude>
    <ClInclude Include="..\D2DTextBox\TextContainer.h">
      <Filter>D2DTextBox</Filter>
    </ClInclude>
    <ClInclude Include="..\D2DTextBox\targetver.h">
      <Filter>D2DTextBox</Filter>
    </ClInclude>
    <ClInclude Include="..\D2DTextBox\stringstream.h">
      <Filter>D2DTextBox</Filter>
    </ClInclude>
    <ClInclude Include="..\D2DTextBox\Selection.h">
      <Filter>D2DTextBox</Filter>
    </ClInclude>
    <ClInclude Include="..\D2DTextBox\resource.h">
      <Filter>D2DTextBox</Filter>
    </ClInclude>
    <ClInclude Include="..\D2DTextBox\MoveTarget.h">
      <Filter>D2DTextBox</Filter>
    </ClInclude>
    <ClInclude Include="..\D2DTextBox\ItemLoopArray.h">
      <Filter>D2DTextBox</Filter>
    </ClInclude>
    <ClInclude Include="..\D2DTextBox\IBridgeTSFInterface.h">
      <Filter>D2DTextBox</Filter>
    </ClInclude>
    <ClInclude Include="..\D2DTextBox\gdi32.h">
      <Filter>D2DTextBox</Filter>
    </ClInclude>
    <ClInclude Include="..\D2DTextBox\fstring.h">
      <Filter>D2DTextBox</Filter>
    </ClInclude>
    <ClInclude Include="..\D2DTextBox\faststack.h">
      <Filter>D2DTextBox</Filter>
    </ClInclude>
    <ClInclude Include="..\D2DTextBox\DisplayAttribute.h">
      <Filter>D2DTextBox</Filter>
    </ClInclude>
    <ClInclude Include="..\D2DTextBox\D2DWindowMessageStruct.h">
      <Filter>D2DTextBox</Filter>
    </ClInclude>
    <ClInclude Include="..\D2DTextBox\D2DWindowMessage.h">
      <Filter>D2DTextBox</Filter>
    </ClInclude>
    <ClInclude Include="..\D2DTextBox\d2dwindowcontrol.h">
      <Filter>D2DTextBox</Filter>
    </ClInclude>
    <ClInclude Include="..\D2DTextBox\D2DResource.h">
      <Filter>D2DTextBox</Filter>
    </ClInclude>
    <ClInclude Include="..\D2DTextBox\D2DMisc.h">
      <Filter>D2DTextBox</Filter>
    </ClInclude>
    <ClInclude Include="..\D2DTextBox\d2dmatome.h">
      <Filter>D2DTextBox</Filter>
    </ClInclude>
    <ClInclude Include="..\D2DTextBox\D2DContextNew.h">
      <Filter>D2DTextBox</Filter>
    </ClInclude>
    <ClInclude Include="..\D2DTextBox\D2DContextEx.h">
      <Filter>D2DTextBox</Filter>
    </ClInclude>
    <ClInclude Include="..\D2DTextBox\D2DCharRect.h">
      <Filter>D2DTextBox</Filter>
    </ClInclude>
    <ClInclude Include="..\D2DTextBox\D2DApi.h">
      <Filter>D2DTextBox</Filter>
    </ClInclude>
    <ClInclude Include="..\D2DTextBox\undo.h">
      <Filter>D2DTextBox</Filter>
    </ClInclude>
    <ClInclude Include="..\D2DTextBox\TextStoreACP.h">
      <Filter>D2DTextBox</Filter>
    </ClInclude>
    <ClInclude Include="..\D2DTextBox\text_stdafx.h">
      <Filter>D2DTextBox</Filter>
    </ClInclude>
    <ClInclude Include="..\..\..\..\..\Downloads\D2DWindowMaster\D2DWindow-master\projects\Direct2dTemplate\Direct2dTemplate\common_stdafx.h">
      <Filter>D2DTextBox</Filter>
    </ClInclude>
    <ClInclude Include="..\..\..\..\..\Downloads\D2DWindowMaster\D2DWindow-master\projects\Direct2dTemplate\Direct2dTemplate\controlhandle.h">
      <Filter>D2DTextBox</Filter>
    </ClInclude>
    <ClInclude Include="..\D2DTextBox\D2DWindow.h">
      <Filter>D2DTextBox</Filter>
    </ClInclude>
  </ItemGroup>
  <ItemGroup>
    <ClCompile Include="DirectoryWatcher.cpp">
      <Filter>Filer</Filter>
    </ClCompile>
    <ClCompile Include="DropSource.cpp">
      <Filter>Filer</Filter>
    </ClCompile>
    <ClCompile Include="DropTarget.cpp">
      <Filter>Filer</Filter>
    </ClCompile>
    <ClCompile Include="Favorite.cpp">
      <Filter>Filer</Filter>
    </ClCompile>
    <ClCompile Include="FavoriteRow.cpp">
      <Filter>Filer</Filter>
    </ClCompile>
    <ClCompile Include="FavoritesColumn.cpp">
      <Filter>Filer</Filter>
    </ClCompile>
    <ClCompile Include="FavoritesGridView.cpp">
      <Filter>Filer</Filter>
    </ClCompile>
    <ClCompile Include="FileDragger.cpp">
      <Filter>Filer</Filter>
    </ClCompile>
    <ClCompile Include="FileDraggingState.cpp">
      <Filter>Filer</Filter>
    </ClCompile>
    <ClCompile Include="FileExtCell.cpp">
      <Filter>Filer</Filter>
    </ClCompile>
    <ClCompile Include="FileExtColumn.cpp">
      <Filter>Filer</Filter>
    </ClCompile>
    <ClCompile Include="FileIconCell.cpp">
      <Filter>Filer</Filter>
    </ClCompile>
    <ClCompile Include="FileIconColumn.cpp">
      <Filter>Filer</Filter>
    </ClCompile>
    <ClCompile Include="FileLastWriteCell.cpp">
      <Filter>Filer</Filter>
    </ClCompile>
    <ClCompile Include="FileLastWriteColumn.cpp">
      <Filter>Filer</Filter>
    </ClCompile>
    <ClCompile Include="FileNameColumn.cpp">
      <Filter>Filer</Filter>
    </ClCompile>
    <ClCompile Include="Filer.cpp">
      <Filter>Filer</Filter>
    </ClCompile>
    <ClCompile Include="FilerGridView.cpp">
      <Filter>Filer</Filter>
    </ClCompile>
    <ClCompile Include="FileRow.cpp">
      <Filter>Filer</Filter>
    </ClCompile>
    <ClCompile Include="FilerWnd.cpp">
      <Filter>Filer</Filter>
    </ClCompile>
    <ClCompile Include="FileSizeCell.cpp">
      <Filter>Filer</Filter>
    </ClCompile>
    <ClCompile Include="FileSizeColumn.cpp">
      <Filter>Filer</Filter>
    </ClCompile>
    <ClCompile Include="PathCell.cpp">
      <Filter>Filer</Filter>
    </ClCompile>
    <ClCompile Include="ShellFile.cpp">
      <Filter>Filer</Filter>
    </ClCompile>
    <ClCompile Include="stdafx.cpp">
      <Filter>Filer</Filter>
    </ClCompile>
    <ClCompile Include="UniqueIDFactory.cpp">
      <Filter>Filer</Filter>
    </ClCompile>
    <ClCompile Include="..\HiLib\Band.cpp">
      <Filter>HiLib</Filter>
    </ClCompile>
    <ClCompile Include="..\HiLib\BoolCell.cpp">
      <Filter>HiLib</Filter>
    </ClCompile>
    <ClCompile Include="..\HiLib\Cell.cpp">
      <Filter>HiLib</Filter>
    </ClCompile>
    <ClCompile Include="..\HiLib\CellStringCommand.cpp">
      <Filter>HiLib</Filter>
    </ClCompile>
    <ClCompile Include="..\HiLib\ChildIndexColumn.cpp">
      <Filter>HiLib</Filter>
    </ClCompile>
    <ClCompile Include="..\HiLib\ChildRowHeaderColumn.cpp">
      <Filter>HiLib</Filter>
    </ClCompile>
    <ClCompile Include="..\HiLib\ColorCell.cpp">
      <Filter>HiLib</Filter>
    </ClCompile>
    <ClCompile Include="..\HiLib\Column.cpp">
      <Filter>HiLib</Filter>
    </ClCompile>
    <ClCompile Include="..\HiLib\CompareCell.cpp">
      <Filter>HiLib</Filter>
    </ClCompile>
    <ClCompile Include="..\HiLib\CompareColumn.cpp">
      <Filter>HiLib</Filter>
    </ClCompile>
    <ClCompile Include="..\HiLib\CShellExtension.cpp">
      <Filter>HiLib</Filter>
    </ClCompile>
    <ClCompile Include="..\HiLib\Cursorer.cpp">
      <Filter>HiLib</Filter>
    </ClCompile>
    <ClCompile Include="..\HiLib\FilterCell.cpp">
      <Filter>HiLib</Filter>
    </ClCompile>
    <ClCompile Include="..\HiLib\FontCell.cpp">
      <Filter>HiLib</Filter>
    </ClCompile>
    <ClCompile Include="..\HiLib\FullCommand.cpp">
      <Filter>HiLib</Filter>
    </ClCompile>
    <ClCompile Include="..\HiLib\GridView.cpp">
      <Filter>HiLib</Filter>
    </ClCompile>
    <ClCompile Include="..\HiLib\InplaceEdit.cpp">
      <Filter>HiLib</Filter>
    </ClCompile>
    <ClCompile Include="..\HiLib\KonamiCommander.cpp">
      <Filter>HiLib</Filter>
    </ClCompile>
    <ClCompile Include="..\HiLib\MyAutoUpdater.cpp">
      <Filter>HiLib</Filter>
    </ClCompile>
    <ClCompile Include="..\HiLib\MyColor.cpp">
      <Filter>HiLib</Filter>
    </ClCompile>
    <ClCompile Include="..\HiLib\MyDC.cpp">
      <Filter>HiLib</Filter>
    </ClCompile>
    <ClCompile Include="..\HiLib\MyDlg.cpp">
      <Filter>HiLib</Filter>
    </ClCompile>
    <ClCompile Include="..\HiLib\MyFile.cpp">
      <Filter>HiLib</Filter>
    </ClCompile>
    <ClCompile Include="..\HiLib\MyGdiplusHelper.cpp">
      <Filter>HiLib</Filter>
    </ClCompile>
    <ClCompile Include="..\HiLib\MyInternet.cpp">
      <Filter>HiLib</Filter>
    </ClCompile>
    <ClCompile Include="..\HiLib\MyPen.cpp">
      <Filter>HiLib</Filter>
    </ClCompile>
    <ClCompile Include="..\HiLib\MyString.cpp">
      <Filter>HiLib</Filter>
    </ClCompile>
    <ClCompile Include="..\HiLib\MyWin32.cpp">
      <Filter>HiLib</Filter>
    </ClCompile>
    <ClCompile Include="..\HiLib\MyWnd.cpp">
      <Filter>HiLib</Filter>
    </ClCompile>
    <ClCompile Include="..\HiLib\MyXMLSerializer.cpp">
      <Filter>HiLib</Filter>
    </ClCompile>
    <ClCompile Include="..\HiLib\ParentColumnHeaderCell.cpp">
      <Filter>HiLib</Filter>
    </ClCompile>
    <ClCompile Include="..\HiLib\ParentColumnHeaderHeaderCell.cpp">
      <Filter>HiLib</Filter>
    </ClCompile>
    <ClCompile Include="..\HiLib\ParentColumnNameHeaderCell.cpp">
      <Filter>HiLib</Filter>
    </ClCompile>
    <ClCompile Include="..\HiLib\ParentDefaultColumn.cpp">
      <Filter>HiLib</Filter>
    </ClCompile>
    <ClCompile Include="..\HiLib\ParentHeaderCell.cpp">
      <Filter>HiLib</Filter>
    </ClCompile>
    <ClCompile Include="..\HiLib\ParentMapColumn.cpp">
      <Filter>HiLib</Filter>
    </ClCompile>
    <ClCompile Include="..\HiLib\ParentRowHeaderCell.cpp">
      <Filter>HiLib</Filter>
    </ClCompile>
    <ClCompile Include="..\HiLib\ParentRowHeaderColumn.cpp">
      <Filter>HiLib</Filter>
    </ClCompile>
    <ClCompile Include="..\HiLib\PropertyColumn.cpp">
      <Filter>HiLib</Filter>
    </ClCompile>
    <ClCompile Include="..\HiLib\PropertyGridView.cpp">
      <Filter>HiLib</Filter>
    </ClCompile>
    <ClCompile Include="..\HiLib\Row.cpp">
      <Filter>HiLib</Filter>
    </ClCompile>
    <ClCompile Include="..\HiLib\RowColumn.cpp">
      <Filter>HiLib</Filter>
    </ClCompile>
    <ClCompile Include="..\HiLib\SEHException.cpp">
      <Filter>HiLib</Filter>
    </ClCompile>
    <ClCompile Include="..\HiLib\Sheet.cpp">
      <Filter>HiLib</Filter>
    </ClCompile>
    <ClCompile Include="..\HiLib\SheetCell.cpp">
      <Filter>HiLib</Filter>
    </ClCompile>
    <ClCompile Include="..\HiLib\SheetDictionary.cpp">
      <Filter>HiLib</Filter>
    </ClCompile>
    <ClCompile Include="..\HiLib\TextCell.cpp">
      <Filter>HiLib</Filter>
    </ClCompile>
    <ClCompile Include="..\HiLib\Tracker.cpp">
      <Filter>HiLib</Filter>
    </ClCompile>
    <ClCompile Include="..\HiLib\UIElement.cpp">
      <Filter>HiLib</Filter>
    </ClCompile>
    <ClCompile Include="..\HiLib\SingletonMalloc.cpp">
      <Filter>HiLib</Filter>
    </ClCompile>
    <ClCompile Include="ShellFolder.cpp">
      <Filter>Filer</Filter>
    </ClCompile>
    <ClCompile Include="..\HiLib\SheetStateMachine.cpp">
      <Filter>HiLib</Filter>
    </ClCompile>
    <ClCompile Include="..\HiLib\Celler.cpp">
      <Filter>HiLib</Filter>
    </ClCompile>
    <ClCompile Include="..\HiLib\MouseStateMachine.cpp">
      <Filter>HiLib</Filter>
    </ClCompile>
    <ClCompile Include="FavoriteCell.cpp">
      <Filter>Filer</Filter>
    </ClCompile>
    <ClCompile Include="FilerTabGridView.cpp">
      <Filter>Filer</Filter>
    </ClCompile>
    <ClCompile Include="..\HiLib\ShowHideMenuItem.cpp">
      <Filter>Filer</Filter>
    </ClCompile>
    <ClCompile Include="KnownFolder.cpp">
      <Filter>Filer</Filter>
    </ClCompile>
    <ClCompile Include="DriveFolder.cpp">
      <Filter>Filer</Filter>
    </ClCompile>
    <ClCompile Include="ShellZipFolder.cpp">
      <Filter>Filer</Filter>
    </ClCompile>
    <ClCompile Include="..\HiLib\BoostPythonHelper.cpp">
      <Filter>HiLib</Filter>
    </ClCompile>
    <ClCompile Include="PathRow.cpp">
      <Filter>Filer</Filter>
    </ClCompile>
    <ClCompile Include="..\HiLib\ResourceIDFactory.cpp">
      <Filter>HiLib</Filter>
    </ClCompile>
    <ClCompile Include="..\HiLib\Direct2DWrite.cpp">
      <Filter>HiLib</Filter>
    </ClCompile>
    <ClCompile Include="FileIconNameCell.cpp">
      <Filter>Filer</Filter>
    </ClCompile>
    <ClCompile Include="..\HiLib\Console.cpp">
      <Filter>HiLib</Filter>
    </ClCompile>
    <ClCompile Include="..\HiLib\Scroll.cpp">
      <Filter>HiLib</Filter>
    </ClCompile>
    <ClCompile Include="..\HiLib\DeadlineTimer.cpp">
      <Filter>HiLib</Filter>
    </ClCompile>
    <ClCompile Include="..\HiLib\FileIconCache.cpp">
      <Filter>HiLib</Filter>
    </ClCompile>
    <ClCompile Include="..\HiLib\IDL.cpp">
      <Filter>HiLib</Filter>
    </ClCompile>
    <ClCompile Include="..\HiLib\MyIcon.cpp">
      <Filter>HiLib</Filter>
    </ClCompile>
    <ClCompile Include="ShellFileFactory.cpp">
      <Filter>Filer</Filter>
    </ClCompile>
    <ClCompile Include="..\HiLib\ProgressBar.cpp">
      <Filter>HiLib</Filter>
    </ClCompile>
    <ClCompile Include="FilerGridViewBase.cpp">
      <Filter>Filer</Filter>
    </ClCompile>
    <ClCompile Include="CheckableFileGrid.cpp">
      <Filter>Filer</Filter>
    </ClCompile>
    <ClCompile Include="IncrementalCopyWnd.cpp">
      <Filter>Filer</Filter>
    </ClCompile>
    <ClCompile Include="..\HiLib\ThreadPool.cpp">
      <Filter>HiLib</Filter>
    </ClCompile>
    <ClCompile Include="FileIconPathCell.cpp">
      <Filter>Filer</Filter>
    </ClCompile>
    <ClCompile Include="FileIconPathColumn.cpp">
      <Filter>Filer</Filter>
    </ClCompile>
    <ClCompile Include="FilerGridViewWnd.cpp">
      <Filter>Filer</Filter>
    </ClCompile>
    <ClCompile Include="SearchWnd.cpp">
      <Filter>Filer</Filter>
    </ClCompile>
    <ClCompile Include="..\HiLib\ShellFunction.cpp">
      <Filter>HiLib</Filter>
    </ClCompile>
    <ClCompile Include="..\HiLib\ThreadSafeKnownFolderManagaer.cpp">
      <Filter>HiLib</Filter>
    </ClCompile>
    <ClCompile Include="..\HiLib\ThreadSafeDriveFolderManager.cpp">
      <Filter>HiLib</Filter>
    </ClCompile>
    <ClCompile Include="..\D2DTextBox\TextStoreACP.cpp">
      <Filter>D2DTextBox</Filter>
    </ClCompile>
    <ClCompile Include="..\D2DTextBox\TextLayout.cpp">
      <Filter>D2DTextBox</Filter>
    </ClCompile>
    <ClCompile Include="..\D2DTextBox\TextEditor.cpp">
      <Filter>D2DTextBox</Filter>
    </ClCompile>
    <ClCompile Include="..\D2DTextBox\TextContainer.cpp">
      <Filter>D2DTextBox</Filter>
    </ClCompile>
    <ClCompile Include="..\D2DTextBox\DisplayAttribute.cpp">
      <Filter>D2DTextBox</Filter>
    </ClCompile>
    <ClCompile Include="..\D2DTextBox\D2DWindowTextboxTSF.cpp">
      <Filter>D2DTextBox</Filter>
    </ClCompile>
    <ClCompile Include="..\D2DTextBox\D2DWindowControl.cpp">
      <Filter>D2DTextBox</Filter>
    </ClCompile>
    <ClCompile Include="..\D2DTextBox\D2DWindow.cpp">
      <Filter>D2DTextBox</Filter>
    </ClCompile>
    <ClCompile Include="..\D2DTextBox\D2DResource.cpp">
      <Filter>D2DTextBox</Filter>
    </ClCompile>
    <ClCompile Include="..\D2DTextBox\D2DContextEx.cpp">
      <Filter>D2DTextBox</Filter>
    </ClCompile>
    <ClCompile Include="..\D2DTextBox\D2DApi.cpp">
      <Filter>D2DTextBox</Filter>
    </ClCompile>
    <ClCompile Include="..\D2DTextBox\undo.cpp">
      <Filter>D2DTextBox</Filter>
    </ClCompile>
    <ClCompile Include="..\D2DTextBox\text_stdafx.cpp">
      <Filter>D2DTextBox</Filter>
    </ClCompile>
  </ItemGroup>
  <ItemGroup>
    <None Include="..\HiLib\msxml6.tli">
      <Filter>HiLib</Filter>
    </None>
    <None Include="..\HiLib\msxml6.tlh">
      <Filter>HiLib</Filter>
    </None>
    <None Include="..\HiLib\Gradius.cur">
      <Filter>HiLib</Filter>
    </None>
    <None Include="..\Release\Filer.exe">
      <Filter>Release</Filter>
    </None>
  </ItemGroup>
</Project>